{
  "version": 4,
  "terraform_version": "1.8.2",
  "serial": 152,
  "lineage": "32d78089-2a26-07b3-64a7-81071ce7c36e",
  "outputs": {
    "test_policy_arn": {
      "value": "arn:aws:iam::730335480302:role/test-oidc",
      "type": "string"
    }
  },
  "resources": [
    {
      "mode": "data",
      "type": "aws_iam_policy_document",
      "name": "ass_role",
      "provider": "provider[\"registry.terraform.io/hashicorp/aws\"]",
      "instances": [
        {
          "schema_version": 0,
          "attributes": {
            "id": "624367811",
            "json": "{\n  \"Version\": \"2012-10-17\",\n  \"Statement\": [\n    {\n      \"Sid\": \"\",\n      \"Effect\": \"Allow\",\n      \"Action\": \"sts:AssumeRole\",\n      \"Principal\": {\n        \"Service\": \"backup.amazonaws.com\"\n      }\n    }\n  ]\n}",
            "override_json": null,
            "override_policy_documents": null,
            "policy_id": null,
            "source_json": null,
            "source_policy_documents": null,
            "statement": [
              {
                "actions": [
                  "sts:AssumeRole"
                ],
                "condition": [],
                "effect": "Allow",
                "not_actions": [],
                "not_principals": [],
                "not_resources": [],
                "principals": [
                  {
                    "identifiers": [
                      "backup.amazonaws.com"
                    ],
                    "type": "Service"
                  }
                ],
                "resources": [],
                "sid": ""
              }
            ],
            "version": "2012-10-17"
          },
          "sensitive_attributes": []
        }
      ]
    },
    {
      "mode": "data",
      "type": "aws_iam_policy_document",
      "name": "test_oidc_assume_role_policy",
      "provider": "provider[\"registry.terraform.io/hashicorp/aws\"]",
      "instances": [
        {
          "schema_version": 0,
          "attributes": {
            "id": "373776308",
            "json": "{\n  \"Version\": \"2012-10-17\",\n  \"Statement\": [\n    {\n      \"Sid\": \"\",\n      \"Effect\": \"Allow\",\n      \"Action\": \"sts:AssumeRoleWithWebIdentity\",\n      \"Principal\": {\n        \"Federated\": \"arn:aws:iam::730335480302:oidc-provider/oidc.eks.us-east-1.amazonaws.com/id/F46E41D3F05CEAAE858FE893CA473714\"\n      },\n      \"Condition\": {\n        \"StringEquals\": {\n          \"oidc.eks.us-east-1.amazonaws.com/id/F46E41D3F05CEAAE858FE893CA473714:sub\": \"system:serviceaccount:default:aws-test\"\n        }\n      }\n    }\n  ]\n}",
            "override_json": null,
            "override_policy_documents": null,
            "policy_id": null,
            "source_json": null,
            "source_policy_documents": null,
            "statement": [
              {
                "actions": [
                  "sts:AssumeRoleWithWebIdentity"
                ],
                "condition": [
                  {
                    "test": "StringEquals",
                    "values": [
                      "system:serviceaccount:default:aws-test"
                    ],
                    "variable": "oidc.eks.us-east-1.amazonaws.com/id/F46E41D3F05CEAAE858FE893CA473714:sub"
                  }
                ],
                "effect": "Allow",
                "not_actions": [],
                "not_principals": [],
                "not_resources": [],
                "principals": [
                  {
                    "identifiers": [
                      "arn:aws:iam::730335480302:oidc-provider/oidc.eks.us-east-1.amazonaws.com/id/F46E41D3F05CEAAE858FE893CA473714"
                    ],
                    "type": "Federated"
                  }
                ],
                "resources": [],
                "sid": ""
              }
            ],
            "version": "2012-10-17"
          },
          "sensitive_attributes": []
        }
      ]
    },
    {
      "mode": "data",
      "type": "tls_certificate",
      "name": "eks",
      "provider": "provider[\"registry.terraform.io/hashicorp/tls\"]",
      "instances": [
        {
          "schema_version": 0,
          "attributes": {
            "certificates": [
              {
                "cert_pem": "-----BEGIN CERTIFICATE-----\nMIIEdTCCA12gAwIBAgIJAKcOSkw0grd/MA0GCSqGSIb3DQEBCwUAMGgxCzAJBgNV\nBAYTAlVTMSUwIwYDVQQKExxTdGFyZmllbGQgVGVjaG5vbG9naWVzLCBJbmMuMTIw\nMAYDVQQLEylTdGFyZmllbGQgQ2xhc3MgMiBDZXJ0aWZpY2F0aW9uIEF1dGhvcml0\neTAeFw0wOTA5MDIwMDAwMDBaFw0zNDA2MjgxNzM5MTZaMIGYMQswCQYDVQQGEwJV\nUzEQMA4GA1UECBMHQXJpem9uYTETMBEGA1UEBxMKU2NvdHRzZGFsZTElMCMGA1UE\nChMcU3RhcmZpZWxkIFRlY2hub2xvZ2llcywgSW5jLjE7MDkGA1UEAxMyU3RhcmZp\nZWxkIFNlcnZpY2VzIFJvb3QgQ2VydGlmaWNhdGUgQXV0aG9yaXR5IC0gRzIwggEi\nMA0GCSqGSIb3DQEBAQUAA4IBDwAwggEKAoIBAQDVDDrEKvlO4vW+GZdfjohTsR8/\ny8+fIBNtKTrID30892t2OGPZNmCom15cAICyL1l/9of5JUOG52kbUpqQ4XHj2C0N\nTm/2yEnZtvMaVq4rtnQU68/7JuMauh2WLmo7WJSJR1b/JaCTcFOD2oR0FMNnngRo\nOt+OQFodSk7PQ5E751bWAHDLUu57fa4657wx+UX2wmDPE1kCK4DMNEffud6QZW0C\nzyyRpqbn3oUYSXxmTqM6bam17jQuug0DuDPfR+uxa40l2ZvOgdFFRjKWcIfeAg5J\nQ4W2bHO7ZOphQazJ1FTfhy/HIrImzJ9ZVGif/L4qL8RVHHVAYBeFAlU5i38FAgMB\nAAGjgfAwge0wDwYDVR0TAQH/BAUwAwEB/zAOBgNVHQ8BAf8EBAMCAYYwHQYDVR0O\nBBYEFJxfAN+qAdcwKziIorhtSpzyEZGDMB8GA1UdIwQYMBaAFL9ft9HO3R+G9FtV\nrNzXEMIOqYjnME8GCCsGAQUFBwEBBEMwQTAcBggrBgEFBQcwAYYQaHR0cDovL28u\nc3MyLnVzLzAhBggrBgEFBQcwAoYVaHR0cDovL3guc3MyLnVzL3guY2VyMCYGA1Ud\nHwQfMB0wG6AZoBeGFWh0dHA6Ly9zLnNzMi51cy9yLmNybDARBgNVHSAECjAIMAYG\nBFUdIAAwDQYJKoZIhvcNAQELBQADggEBACMd44pXyn3pF3lM8R5V/cxTbj5HD9/G\nVfKyBDbtgB9TxF00KGu+x1X8Z+rLP3+QsjPNG1gQggL4+C/1E2DUBc7xgQjB3ad1\nl08YuW3e95ORCLp+QCztweq7dp4zBncdDQh/U90bZKuCJ/Fp1U1ervShw3WnWEQt\n8jxwmKy6abaVd38PMV4s/KCHOkdp8Hlf9BRUpJVeEXgSYCfOn8J3/yNTd126/+pZ\n59vPr5KW7ySaNRB6nJHGDn2Z9j8Z3/VyVOEVqQdZe4O/Ui5GjLIAZHYcSNPYeehu\nVsyuLAOQ1xk4meTKCRlb/weWsKh/NEnfVqn3sF/tM+2MR7cwA130A4w=\n-----END CERTIFICATE-----\n",
                "is_ca": true,
                "issuer": "OU=Starfield Class 2 Certification Authority,O=Starfield Technologies\\, Inc.,C=US",
                "not_after": "2034-06-28T17:39:16Z",
                "not_before": "2009-09-02T00:00:00Z",
                "public_key_algorithm": "RSA",
                "serial_number": "12037640545166866303",
                "sha1_fingerprint": "9e99a48a9960b14926bb7f3b02e22da2b0ab7280",
                "signature_algorithm": "SHA256-RSA",
                "subject": "CN=Starfield Services Root Certificate Authority - G2,O=Starfield Technologies\\, Inc.,L=Scottsdale,ST=Arizona,C=US",
                "version": 3
              },
              {
                "cert_pem": "-----BEGIN CERTIFICATE-----\nMIIEkjCCA3qgAwIBAgITBn+USionzfP6wq4rAfkI7rnExjANBgkqhkiG9w0BAQsF\nADCBmDELMAkGA1UEBhMCVVMxEDAOBgNVBAgTB0FyaXpvbmExEzARBgNVBAcTClNj\nb3R0c2RhbGUxJTAjBgNVBAoTHFN0YXJmaWVsZCBUZWNobm9sb2dpZXMsIEluYy4x\nOzA5BgNVBAMTMlN0YXJmaWVsZCBTZXJ2aWNlcyBSb290IENlcnRpZmljYXRlIEF1\ndGhvcml0eSAtIEcyMB4XDTE1MDUyNTEyMDAwMFoXDTM3MTIzMTAxMDAwMFowOTEL\nMAkGA1UEBhMCVVMxDzANBgNVBAoTBkFtYXpvbjEZMBcGA1UEAxMQQW1hem9uIFJv\nb3QgQ0EgMTCCASIwDQYJKoZIhvcNAQEBBQADggEPADCCAQoCggEBALJ4gHHKeNXj\nca9HgFB0fW7Y14h29Jlo91ghYPl0hAEvrAIthtOgQ3pOsqTQNroBvo3bSMgHFzZM\n9O6II8c+6zf1tRn4SWiw3te5djgdYZ6k/oI2peVKVuRF4fn9tBb6dNqcmzU5L/qw\nIFAGbHrQgLKm+a/sRxmPUDgH3KKHOVj4utWp+UhnMJbulHheb4mjUcAwhmahRWa6\nVOujw5H5SNz/0egwLX0tdHA114gk957EWW67c4cX8jJGKLhD+rcdqsq08p8kDi1L\n93FcXmn/6pUCyziKrlA4b9v7LWIbxcceVOF34GfID5yHI9Y/QCB/IIDEgEw+OyQm\njgSubJrIqg0CAwEAAaOCATEwggEtMA8GA1UdEwEB/wQFMAMBAf8wDgYDVR0PAQH/\nBAQDAgGGMB0GA1UdDgQWBBSEGMyFNOy8DJSULghZnMeyEE4KCDAfBgNVHSMEGDAW\ngBScXwDfqgHXMCs4iKK4bUqc8hGRgzB4BggrBgEFBQcBAQRsMGowLgYIKwYBBQUH\nMAGGImh0dHA6Ly9vY3NwLnJvb3RnMi5hbWF6b250cnVzdC5jb20wOAYIKwYBBQUH\nMAKGLGh0dHA6Ly9jcnQucm9vdGcyLmFtYXpvbnRydXN0LmNvbS9yb290ZzIuY2Vy\nMD0GA1UdHwQ2MDQwMqAwoC6GLGh0dHA6Ly9jcmwucm9vdGcyLmFtYXpvbnRydXN0\nLmNvbS9yb290ZzIuY3JsMBEGA1UdIAQKMAgwBgYEVR0gADANBgkqhkiG9w0BAQsF\nAAOCAQEAYjdCXLwQtT6LLOkMm2xF4gcAevnFWAu5CIw+7bMlPLVvUOTNNWqnkzSW\nMiGpSESrnO09tKpzbeR/FoCJbM8oAxiDR3mjEH4wW6w7sGDgd9QIpuEdfF7Au/ma\neyKdpwAJfqxGF4PcnCZXmTA5YpaP7dreqsXMGz7KQ2hsVxa81Q4gLv7/wmpdLqBK\nbRRYh5TmOTFffHPLkIhqhBGWJ6bt2YFGpn6jcgAKUj6DiAdjd4lpFw85hdKrCEVN\n0FE6/V1dN2RMfjCyVSRCnTawXZwXgWHxyvkQAiSr6w10kY17RSlQOYiypok1JR4U\nakcjMS9cmvqtmg5iUaQqqcT5NJ0hGA==\n-----END CERTIFICATE-----\n",
                "is_ca": true,
                "issuer": "CN=Starfield Services Root Certificate Authority - G2,O=Starfield Technologies\\, Inc.,L=Scottsdale,ST=Arizona,C=US",
                "not_after": "2037-12-31T01:00:00Z",
                "not_before": "2015-05-25T12:00:00Z",
                "public_key_algorithm": "RSA",
                "serial_number": "144918191876577076464031512351042010504348870",
                "sha1_fingerprint": "06b25927c42a721631c1efd9431e648fa62e1e39",
                "signature_algorithm": "SHA256-RSA",
                "subject": "CN=Amazon Root CA 1,O=Amazon,C=US",
                "version": 3
              },
              {
                "cert_pem": "-----BEGIN CERTIFICATE-----\nMIIEXjCCA0agAwIBAgITB3MSTNQG0mfAmRzdKZqfODF5hTANBgkqhkiG9w0BAQsF\nADA5MQswCQYDVQQGEwJVUzEPMA0GA1UEChMGQW1hem9uMRkwFwYDVQQDExBBbWF6\nb24gUm9vdCBDQSAxMB4XDTIyMDgyMzIyMjYwNFoXDTMwMDgyMzIyMjYwNFowPDEL\nMAkGA1UEBhMCVVMxDzANBgNVBAoTBkFtYXpvbjEcMBoGA1UEAxMTQW1hem9uIFJT\nQSAyMDQ4IE0wMzCCASIwDQYJKoZIhvcNAQEBBQADggEPADCCAQoCggEBALd/pVko\n8vuM475Tf45HV3BbCl/B9Jy89G1CRkFjcPY06WA9lS+7dWbUA7GtWUKoksr69hKM\nwcMsNpxlw7b3jeXFgxB09/nmalcAWtnLzF+LaDKEA5DQmvKzuh1nfIfqEiKCQSmX\nXh09Xs+dO7cm5qbaL2hhNJCSAejciwcvOFgFNgEMR42wm6KIFHsQW28jhA+1u/M0\np6fVwReuEgZfLfdx82Px0LJck3lST3EB/JfbdsdOzzzg5YkY1dfuqf8y5fUeZ7Cz\nWXbTjujwX/TovmeWKA36VLCz75azW6tDNuDn66FOpADZZ9omVaF6BqNJiLMVl6P3\n/c0OiUMC6Z5OfKcCAwEAAaOCAVowggFWMBIGA1UdEwEB/wQIMAYBAf8CAQAwDgYD\nVR0PAQH/BAQDAgGGMB0GA1UdJQQWMBQGCCsGAQUFBwMBBggrBgEFBQcDAjAdBgNV\nHQ4EFgQUVdkYX9IczAHhWLS+q9lVQgHXLgIwHwYDVR0jBBgwFoAUhBjMhTTsvAyU\nlC4IWZzHshBOCggwewYIKwYBBQUHAQEEbzBtMC8GCCsGAQUFBzABhiNodHRwOi8v\nb2NzcC5yb290Y2ExLmFtYXpvbnRydXN0LmNvbTA6BggrBgEFBQcwAoYuaHR0cDov\nL2NydC5yb290Y2ExLmFtYXpvbnRydXN0LmNvbS9yb290Y2ExLmNlcjA/BgNVHR8E\nODA2MDSgMqAwhi5odHRwOi8vY3JsLnJvb3RjYTEuYW1hem9udHJ1c3QuY29tL3Jv\nb3RjYTEuY3JsMBMGA1UdIAQMMAowCAYGZ4EMAQIBMA0GCSqGSIb3DQEBCwUAA4IB\nAQAGjeWm2cC+3z2MzSCnte46/7JZvj3iQZDY7EvODNdZF41n71Lrk9kbfNwerK0d\nVNzW36Wefr7j7ZSwBVg50W5ay65jNSN74TTQV1yt4WnSbVvN6KlMs1hiyOZdoHKs\nKDV2UGNxbdoBYCQNa2GYF8FQIWLugNp35aSOpMy6cFlymFQomIrnOQHwK1nvVY4q\nxDSJMU/gNJz17D8ArPN3ngnyZ2TwepJ0uBINz3G5te2rdFUF4i4Y3Bb7FUlHDYm4\nu8aIRGpk2ZpfXmxaoxnbIBZRvGLPSUuPwnwoUOMsJ8jirI5vs2dvchPb7MtI1rle\ni02f2ivH2vxkjDLltSpe2fiC\n-----END CERTIFICATE-----\n",
                "is_ca": true,
                "issuer": "CN=Amazon Root CA 1,O=Amazon,C=US",
                "not_after": "2030-08-23T22:26:04Z",
                "not_before": "2022-08-23T22:26:04Z",
                "public_key_algorithm": "RSA",
                "serial_number": "166129356476704345391986644047206454194698629",
                "sha1_fingerprint": "d9fe0a65fa00cabf61f5120d373a8135e1461f15",
                "signature_algorithm": "SHA256-RSA",
                "subject": "CN=Amazon RSA 2048 M03,O=Amazon,C=US",
                "version": 3
              },
              {
                "cert_pem": "-----BEGIN CERTIFICATE-----\nMIIF7DCCBNSgAwIBAgIQArMTNigI/IrHZQ1pGaAsljANBgkqhkiG9w0BAQsFADA8\nMQswCQYDVQQGEwJVUzEPMA0GA1UEChMGQW1hem9uMRwwGgYDVQQDExNBbWF6b24g\nUlNBIDIwNDggTTAzMB4XDTI0MDQyNzAwMDAwMFoXDTI1MDUyNjIzNTk1OVowKzEp\nMCcGA1UEAxMgb2lkYy5la3MudXMtZWFzdC0xLmFtYXpvbmF3cy5jb20wggEiMA0G\nCSqGSIb3DQEBAQUAA4IBDwAwggEKAoIBAQCs9iH64kwJuUKzgTy5jou8HAkSctvo\n36hWIzpAAECOgKBzjGUVnhGiy1hSLBYG2YR9DwJ6XrjVN30465c80d6SmG4Je+UR\nrZCgXeBcm3Wo2Rsrj5FRTqNd8QQeCInLgILwfMiBNRpbf76VIiKoafLsJy99eVSJ\nIqVn5shhp72Vzp+iV6eu76NNaZ9KP6GFJA5bG7AsxBWJ8vFB83bZ/KIeWcI8yblN\ndkFj2WJ7Ug+DhMhP3w/7OhvYT7bmh9WJpUKCy2w0w8n8TOgUz4F5MBT/dEMrXBgi\nuglU3AID66tsrCbPU/XGaH8TnEsJwbDmDiwqXMmyNS13k5nQdlX1NTn/AgMBAAGj\nggL5MIIC9TAfBgNVHSMEGDAWgBRV2Rhf0hzMAeFYtL6r2VVCAdcuAjAdBgNVHQ4E\nFgQUIdV8GsE9mNOEPk9PN1mJ0aIgW1wwKwYDVR0RBCQwIoIgb2lkYy5la3MudXMt\nZWFzdC0xLmFtYXpvbmF3cy5jb20wEwYDVR0gBAwwCjAIBgZngQwBAgEwDgYDVR0P\nAQH/BAQDAgWgMB0GA1UdJQQWMBQGCCsGAQUFBwMBBggrBgEFBQcDAjA7BgNVHR8E\nNDAyMDCgLqAshipodHRwOi8vY3JsLnIybTAzLmFtYXpvbnRydXN0LmNvbS9yMm0w\nMy5jcmwwdQYIKwYBBQUHAQEEaTBnMC0GCCsGAQUFBzABhiFodHRwOi8vb2NzcC5y\nMm0wMy5hbWF6b250cnVzdC5jb20wNgYIKwYBBQUHMAKGKmh0dHA6Ly9jcnQucjJt\nMDMuYW1hem9udHJ1c3QuY29tL3IybTAzLmNlcjAMBgNVHRMBAf8EAjAAMIIBfgYK\nKwYBBAHWeQIEAgSCAW4EggFqAWgAdgDPEVbu1S58r/OHW9lpLpvpGnFnSrAX7KwB\n0lt3zsw7CAAAAY8dZOGHAAAEAwBHMEUCIQCzSvZflhxYIS6ogL395SBtOt/yaPxS\nECvEoEgGY7OaYwIgAlMNx3a/oOOPYfqZSEK4F+wQuFtCZBI4ipekyH/rCTMAdwBV\ngdTCFpA2AUrqC5tXPFPwwOQ4eHAlCBcvo6odBxPTDAAAAY8dZOIAAAAEAwBIMEYC\nIQCluq2G/qqyepl9S3udKQG+AuLaS8Z5g1fHXEnyN0oOvAIhAJi4hLPlpq1zq+6Z\nRR1mt/SHNF90PH7bIieykChWHPuYAHUA5tIxY0B3jMEQQQbXcbnOwdJA9paEhvu6\nhzId/R43jlAAAAGPHWThlQAABAMARjBEAiA16ARZzGbS+OFUNtSsq+WaWbdxxyaE\nDHebVV75nNotVAIgS3zgE2QjiFAQk/HXAARBxM/ePRXzg7ATrRfz4/tow2kwDQYJ\nKoZIhvcNAQELBQADggEBAJdrrkFMQYGUj6eNKSugGV4buDVZpJ3/5MdV/lyT3+pS\nSFkLy4g6ev48VdrMMjNhpebYN2KxoWiAvtqw6SVRa5SaPq4RTo3vNUXVcrXm1ioF\ny4jhHhg+AWRG9kNHEvVMyh3KUrUbK73xg0nlBdDJT8tN8N4AMUW0EIyIYdg0hFYi\nDQfybRbONkW7CpeieMBH7y+892Xz6L1iTWIfZeuLB+jgZ9lwplNTiAi4itds6kT7\nMH6wHHXO3TpuGO/OZEUzkeOMyqN907RShUKS0+B0m2Z8lBNqapiVUI/Sk7ORxU8U\nMV3kChZK1xsztCo/qGIM2Njb9YPwAKuJVnSDK2COFB8=\n-----END CERTIFICATE-----\n",
                "is_ca": false,
                "issuer": "CN=Amazon RSA 2048 M03,O=Amazon,C=US",
                "not_after": "2025-05-26T23:59:59Z",
                "not_before": "2024-04-27T00:00:00Z",
                "public_key_algorithm": "RSA",
                "serial_number": "3588266785741075439109848048787795094",
                "sha1_fingerprint": "c9ab033e410ebd60f70ee06159372219fd0082d7",
                "signature_algorithm": "SHA256-RSA",
                "subject": "CN=oidc.eks.us-east-1.amazonaws.com",
                "version": 3
              }
            ],
            "content": null,
            "id": "6baddd522c7ea22d67e63b6a46cf59283fc7242b",
            "url": "https://oidc.eks.us-east-1.amazonaws.com/id/F46E41D3F05CEAAE858FE893CA473714",
            "verify_chain": true
          },
          "sensitive_attributes": []
        }
      ]
    },
    {
      "mode": "managed",
      "type": "aws_backup_plan",
      "name": "jenkins_backup_plan",
      "provider": "provider[\"registry.terraform.io/hashicorp/aws\"]",
      "instances": [
        {
          "schema_version": 0,
          "attributes": {
            "advanced_backup_setting": [],
            "arn": "arn:aws:backup:us-east-1:730335480302:backup-plan:b34f6a2d-7723-4f5a-9372-50663c1e91f0",
            "id": "b34f6a2d-7723-4f5a-9372-50663c1e91f0",
            "name": "jenkins_backup_plan",
            "rule": [
              {
                "completion_window": 180,
                "copy_action": [],
                "enable_continuous_backup": false,
                "lifecycle": [
                  {
                    "cold_storage_after": 0,
                    "delete_after": 7
                  }
                ],
                "recovery_point_tags": {},
                "rule_name": "snapshot",
                "schedule": "cron(0 0 * * ? *)",
                "start_window": 60,
                "target_vault_name": "jenkins_backup_vault"
              }
            ],
            "tags": {},
            "tags_all": {},
            "version": "NmI2MTgxMjgtMzBkNi00YTAzLWE0MDItODlkY2YyNTRhOTdi"
          },
          "sensitive_attributes": [],
          "private": "bnVsbA==",
          "dependencies": [
            "aws_backup_vault.backup_vault"
          ]
        }
      ]
    },
    {
      "mode": "managed",
      "type": "aws_backup_selection",
      "name": "backup_selection",
      "provider": "provider[\"registry.terraform.io/hashicorp/aws\"]",
      "instances": [
        {
          "schema_version": 0,
          "attributes": {
            "condition": [
              {
                "string_equals": [],
                "string_like": [],
                "string_not_equals": [],
                "string_not_like": []
              }
            ],
            "iam_role_arn": "arn:aws:iam::730335480302:role/backup-role",
            "id": "ff922ef4-82bb-46f6-ba97-8b055d65da80",
            "name": "daily_backup_selection",
            "not_resources": [],
            "plan_id": "b34f6a2d-7723-4f5a-9372-50663c1e91f0",
            "resources": [
              "arn:aws:ec2:us-east-1:730335480302:instance/i-0256b1bfefcb430cd"
            ],
            "selection_tag": []
          },
          "sensitive_attributes": [],
          "private": "bnVsbA==",
          "dependencies": [
            "aws_backup_plan.jenkins_backup_plan",
            "aws_backup_vault.backup_vault",
            "aws_iam_role.backup_role",
            "aws_instance.jenkins_server",
            "aws_key_pair.jenkins_key",
            "aws_subnet.public_1",
            "aws_vpc.main",
            "data.aws_iam_policy_document.ass_role",
            "tls_private_key.rsa_algorithm"
          ]
        }
      ]
    },
    {
      "mode": "managed",
      "type": "aws_backup_vault",
      "name": "backup_vault",
      "provider": "provider[\"registry.terraform.io/hashicorp/aws\"]",
      "instances": [
        {
          "schema_version": 0,
          "attributes": {
            "arn": "arn:aws:backup:us-east-1:730335480302:backup-vault:jenkins_backup_vault",
            "force_destroy": false,
            "id": "jenkins_backup_vault",
            "kms_key_arn": "arn:aws:kms:us-east-1:730335480302:key/8039f382-3d9a-4848-a00f-f824b909e511",
            "name": "jenkins_backup_vault",
            "recovery_points": 0,
            "tags": {},
            "tags_all": {},
            "timeouts": null
          },
          "sensitive_attributes": [],
          "private": "eyJlMmJmYjczMC1lY2FhLTExZTYtOGY4OC0zNDM2M2JjN2M0YzAiOnsiZGVsZXRlIjo2MDAwMDAwMDAwMDB9fQ=="
        }
      ]
    },
    {
      "mode": "managed",
      "type": "aws_ecr_repository",
      "name": "ecr_hub",
      "provider": "provider[\"registry.terraform.io/hashicorp/aws\"]",
      "instances": [
        {
          "schema_version": 0,
          "attributes": {
            "arn": "arn:aws:ecr:us-east-1:730335480302:repository/taskes_app",
            "encryption_configuration": [
              {
                "encryption_type": "AES256",
                "kms_key": ""
              }
            ],
            "force_delete": true,
            "id": "taskes_app",
            "image_scanning_configuration": [
              {
                "scan_on_push": true
              }
            ],
            "image_tag_mutability": "MUTABLE",
            "name": "taskes_app",
            "registry_id": "730335480302",
            "repository_url": "730335480302.dkr.ecr.us-east-1.amazonaws.com/taskes_app",
            "tags": null,
            "tags_all": {},
            "timeouts": null
          },
          "sensitive_attributes": [],
          "private": "eyJlMmJmYjczMC1lY2FhLTExZTYtOGY4OC0zNDM2M2JjN2M0YzAiOnsiZGVsZXRlIjoxMjAwMDAwMDAwMDAwfX0="
        }
      ]
    },
    {
      "mode": "managed",
      "type": "aws_eip",
      "name": "nat1",
      "provider": "provider[\"registry.terraform.io/hashicorp/aws\"]",
      "instances": [
        {
          "schema_version": 0,
          "attributes": {
            "address": null,
            "allocation_id": "eipalloc-0ff411bf029d21ebb",
            "associate_with_private_ip": null,
            "association_id": "eipassoc-03eee0e3250d2de05",
            "carrier_ip": "",
            "customer_owned_ip": "",
            "customer_owned_ipv4_pool": "",
            "domain": "vpc",
            "id": "eipalloc-0ff411bf029d21ebb",
            "instance": "",
            "network_border_group": "us-east-1",
            "network_interface": "eni-038e59d0fa0aa1377",
            "private_dns": "ip-192-168-9-28.ec2.internal",
            "private_ip": "192.168.9.28",
            "public_dns": "ec2-18-233-192-65.compute-1.amazonaws.com",
            "public_ip": "18.233.192.65",
            "public_ipv4_pool": "amazon",
            "tags": {
              "Name": "nat1"
            },
            "tags_all": {
              "Name": "nat1"
            },
            "timeouts": null,
            "vpc": true
          },
          "sensitive_attributes": [],
          "private": "eyJlMmJmYjczMC1lY2FhLTExZTYtOGY4OC0zNDM2M2JjN2M0YzAiOnsiZGVsZXRlIjoxODAwMDAwMDAwMDAsInJlYWQiOjkwMDAwMDAwMDAwMCwidXBkYXRlIjozMDAwMDAwMDAwMDB9fQ==",
          "dependencies": [
            "aws_internet_gateway.igw",
            "aws_vpc.main"
          ]
        }
      ]
    },
    {
      "mode": "managed",
      "type": "aws_eip",
      "name": "nat2",
      "provider": "provider[\"registry.terraform.io/hashicorp/aws\"]",
      "instances": [
        {
          "schema_version": 0,
          "attributes": {
            "address": null,
            "allocation_id": "eipalloc-0af867644ae35c5d5",
            "associate_with_private_ip": null,
            "association_id": "eipassoc-0df3b8bf1bebf9ce4",
            "carrier_ip": "",
            "customer_owned_ip": "",
            "customer_owned_ipv4_pool": "",
            "domain": "vpc",
            "id": "eipalloc-0af867644ae35c5d5",
            "instance": "",
            "network_border_group": "us-east-1",
            "network_interface": "eni-02b5140bc88499e08",
            "private_dns": "ip-192-168-94-168.ec2.internal",
            "private_ip": "192.168.94.168",
            "public_dns": "ec2-44-221-226-93.compute-1.amazonaws.com",
            "public_ip": "44.221.226.93",
            "public_ipv4_pool": "amazon",
            "tags": {
              "Name": "nat2"
            },
            "tags_all": {
              "Name": "nat2"
            },
            "timeouts": null,
            "vpc": true
          },
          "sensitive_attributes": [],
          "private": "eyJlMmJmYjczMC1lY2FhLTExZTYtOGY4OC0zNDM2M2JjN2M0YzAiOnsiZGVsZXRlIjoxODAwMDAwMDAwMDAsInJlYWQiOjkwMDAwMDAwMDAwMCwidXBkYXRlIjozMDAwMDAwMDAwMDB9fQ==",
          "dependencies": [
            "aws_internet_gateway.igw",
            "aws_vpc.main"
          ]
        }
      ]
    },
    {
      "mode": "managed",
      "type": "aws_eks_cluster",
      "name": "eks_cluster",
      "provider": "provider[\"registry.terraform.io/hashicorp/aws\"]",
      "instances": [
        {
          "schema_version": 0,
          "attributes": {
            "arn": "arn:aws:eks:us-east-1:730335480302:cluster/eks_cluster",
            "certificate_authority": [
              {
                "data": "LS0tLS1CRUdJTiBDRVJUSUZJQ0FURS0tLS0tCk1JSURCVENDQWUyZ0F3SUJBZ0lJT2IxTFdzSGZUNlV3RFFZSktvWklodmNOQVFFTEJRQXdGVEVUTUJFR0ExVUUKQXhNS2EzVmlaWEp1WlhSbGN6QWVGdzB5TkRBMU1ERXhNRFE0TkRWYUZ3MHpOREEwTWpreE1EVXpORFZhTUJVeApFekFSQmdOVkJBTVRDbXQxWW1WeWJtVjBaWE13Z2dFaU1BMEdDU3FHU0liM0RRRUJBUVVBQTRJQkR3QXdnZ0VLCkFvSUJBUURsOXBSQzFsSUx1Tlo0U1RqL1FQUmkrZklxTnpQSUMrZktGOWd2ckVNbnZzVG1nYXBac0lESTNKejEKYU5TUXROYTVCc25lM3lyTjRQeEszSHEwcnJ6dlBCYVU3N1llcGFBalR5MCtENmRyUEFzVFYrTVYrdHF2ZGIyUApOTmJNaE83R3ExdGRzTFRuenVvS0ZhMHhzNHYrRjhZQnoydUpqVUxmc1NkKy9nNjFlN1RXRXVqWkRnWWE0R01wCjhjL3IxSlJsQkl4bDVEVmVjWGJCYmZyQWt2NkFJbHNRdkpzUTNaOCs5V1o5TEVYZ0g0dmVLNTJEc1BBZ3VuNk4KTlBEc21qc2pFSkJhTE5MbmdFRUppZkZHWWw4U3BUMkVVdEVLVjYzZ0loaW9DbmtVZ0tOQ2Uydm1ocmxQWm1xSgpTdE4rNVUrVWZkeTRnem1WQmVUMnZxTmxDUTFyQWdNQkFBR2pXVEJYTUE0R0ExVWREd0VCL3dRRUF3SUNwREFQCkJnTlZIUk1CQWY4RUJUQURBUUgvTUIwR0ExVWREZ1FXQkJRRkdyamJ0OWljY2JRMVgwREp4YjJQN2lqTmhUQVYKQmdOVkhSRUVEakFNZ2dwcmRXSmxjbTVsZEdWek1BMEdDU3FHU0liM0RRRUJDd1VBQTRJQkFRRE5ZMS9tWkdKdApBK3pmb21HT1pKS1ZNRDhxS1pNZCtSd04zSmR0aFI2R3VOaFE2Y1JkYlcyajF3aDZLM2J6MUU1eG1zNHdsZG10CkttZUtMenI2NUh0a0hUT05zSmlRdy9uUm1PaW5BU2N6QWpIZnYwVTRmaXFhcTVmS0d2V1ZQQXB3dTcyTHpUYzgKZnkzSFJyUFNWcXJ0WkNpWng3c0YzZ2gwS1hOcnNvOWxmK2ZiUk16Y2c0amRRZ2NsMHdDQ1FSdnBxcGR1R09lVQpjeU9SYXN6aTdmM3BKZHhaSEd6cjFQSlk5YlJTREpLbFdhSGtoeW9wYkk4M0lJMUhrRGdFaXJmbFVUSE53MU9qCnFtQktYZlVOSVRDOUd6ck5LdHNoYVRiUnp4NTZubVBScnFETExtb3Z0VTk5NDZGK0dYNWZ6YnlvcGFrdndDdWoKVThkN2ZzSElzRnF4Ci0tLS0tRU5EIENFUlRJRklDQVRFLS0tLS0K"
              }
            ],
            "cluster_id": null,
            "created_at": "2024-05-01 10:48:42.435 +0000 UTC",
            "enabled_cluster_log_types": [],
            "encryption_config": [],
            "endpoint": "https://F46E41D3F05CEAAE858FE893CA473714.gr7.us-east-1.eks.amazonaws.com",
            "id": "eks_cluster",
            "identity": [
              {
                "oidc": [
                  {
                    "issuer": "https://oidc.eks.us-east-1.amazonaws.com/id/F46E41D3F05CEAAE858FE893CA473714"
                  }
                ]
              }
            ],
            "kubernetes_network_config": [
              {
                "ip_family": "ipv4",
                "service_ipv4_cidr": "10.100.0.0/16",
                "service_ipv6_cidr": ""
              }
            ],
            "name": "eks_cluster",
            "outpost_config": [],
            "platform_version": "eks.6",
            "role_arn": "arn:aws:iam::730335480302:role/eks-cluster",
            "status": "ACTIVE",
            "tags": {},
            "tags_all": {},
            "timeouts": null,
            "version": "1.29",
            "vpc_config": [
              {
                "cluster_security_group_id": "sg-0893631a721f0074e",
                "endpoint_private_access": false,
                "endpoint_public_access": true,
                "public_access_cidrs": [
                  "0.0.0.0/0"
                ],
                "security_group_ids": [],
                "subnet_ids": [
                  "subnet-043e17fc0705aa85c",
                  "subnet-05dfb86f50f587a04",
                  "subnet-0a5300bf022103d28",
                  "subnet-0b3d5c15cd6dffb1a"
                ],
                "vpc_id": "vpc-0a33974d9d918cf3c"
              }
            ]
          },
          "sensitive_attributes": [],
          "private": "eyJlMmJmYjczMC1lY2FhLTExZTYtOGY4OC0zNDM2M2JjN2M0YzAiOnsiY3JlYXRlIjoxODAwMDAwMDAwMDAwLCJkZWxldGUiOjkwMDAwMDAwMDAwMCwidXBkYXRlIjozNjAwMDAwMDAwMDAwfX0=",
          "dependencies": [
            "aws_iam_role.EKS",
            "aws_iam_role_policy_attachment.EKS_AmazonEKSClusterPolicy",
            "aws_subnet.private_1",
            "aws_subnet.private_2",
            "aws_subnet.public_1",
            "aws_subnet.public_2",
            "aws_vpc.main"
          ]
        }
      ]
    },
    {
      "mode": "managed",
      "type": "aws_eks_node_group",
      "name": "private_nodes",
      "provider": "provider[\"registry.terraform.io/hashicorp/aws\"]",
      "instances": [
        {
          "schema_version": 0,
          "attributes": {
            "ami_type": "AL2_x86_64",
            "arn": "arn:aws:eks:us-east-1:730335480302:nodegroup/eks_cluster/private_nodes/f6c799e6-945e-3bc6-c046-458dd0b58f4d",
            "capacity_type": "ON_DEMAND",
            "cluster_name": "eks_cluster",
            "disk_size": 20,
            "force_update_version": null,
            "id": "eks_cluster:private_nodes",
            "instance_types": [
              "t3.small"
            ],
            "labels": {
              "role": "general"
            },
            "launch_template": [],
            "node_group_name": "private_nodes",
            "node_group_name_prefix": "",
            "node_role_arn": "arn:aws:iam::730335480302:role/eks_group_nodes",
            "release_version": "1.29.3-20240424",
            "remote_access": [],
            "resources": [
              {
                "autoscaling_groups": [
                  {
                    "name": "eks-private_nodes-f6c799e6-945e-3bc6-c046-458dd0b58f4d"
                  }
                ],
                "remote_access_security_group_id": ""
              }
            ],
            "scaling_config": [
              {
                "desired_size": 1,
                "max_size": 5,
                "min_size": 0
              }
            ],
            "status": "ACTIVE",
            "subnet_ids": [
              "subnet-043e17fc0705aa85c",
              "subnet-0b3d5c15cd6dffb1a"
            ],
            "tags": {},
            "tags_all": {},
            "taint": [],
            "timeouts": null,
            "update_config": [
              {
                "max_unavailable": 1,
                "max_unavailable_percentage": 0
              }
            ],
            "version": "1.29"
          },
          "sensitive_attributes": [],
          "private": "eyJlMmJmYjczMC1lY2FhLTExZTYtOGY4OC0zNDM2M2JjN2M0YzAiOnsiY3JlYXRlIjozNjAwMDAwMDAwMDAwLCJkZWxldGUiOjM2MDAwMDAwMDAwMDAsInVwZGF0ZSI6MzYwMDAwMDAwMDAwMH19",
          "dependencies": [
            "aws_eks_cluster.eks_cluster",
            "aws_iam_role.EKS",
            "aws_iam_role.nodes",
            "aws_iam_role_policy_attachment.EKS_AmazonEKSClusterPolicy",
            "aws_iam_role_policy_attachment.nodes_AmazonEC2ContainerRegistryReadOnly",
            "aws_iam_role_policy_attachment.nodes_AmazonEKSWorkerNodePolicy",
            "aws_iam_role_policy_attachment.nodes_AmazonEKS_CNI_Policy",
            "aws_subnet.private_1",
            "aws_subnet.private_2",
            "aws_subnet.public_1",
            "aws_subnet.public_2",
            "aws_vpc.main"
          ]
        }
      ]
    },
    {
      "mode": "managed",
      "type": "aws_iam_openid_connect_provider",
      "name": "eks",
      "provider": "provider[\"registry.terraform.io/hashicorp/aws\"]",
      "instances": [
        {
          "schema_version": 0,
          "attributes": {
            "arn": "arn:aws:iam::730335480302:oidc-provider/oidc.eks.us-east-1.amazonaws.com/id/F46E41D3F05CEAAE858FE893CA473714",
            "client_id_list": [
              "sts.amazonaws.com"
            ],
            "id": "arn:aws:iam::730335480302:oidc-provider/oidc.eks.us-east-1.amazonaws.com/id/F46E41D3F05CEAAE858FE893CA473714",
            "tags": {},
            "tags_all": {},
            "thumbprint_list": [
              "9e99a48a9960b14926bb7f3b02e22da2b0ab7280"
            ],
            "url": "oidc.eks.us-east-1.amazonaws.com/id/F46E41D3F05CEAAE858FE893CA473714"
          },
          "sensitive_attributes": [],
          "private": "bnVsbA==",
          "dependencies": [
            "aws_eks_cluster.eks_cluster",
            "aws_iam_role.EKS",
            "aws_iam_role_policy_attachment.EKS_AmazonEKSClusterPolicy",
            "aws_subnet.private_1",
            "aws_subnet.private_2",
            "aws_subnet.public_1",
            "aws_subnet.public_2",
            "aws_vpc.main",
            "data.tls_certificate.eks"
          ]
        }
      ]
    },
    {
      "mode": "managed",
      "type": "aws_iam_policy",
      "name": "test-policy",
      "provider": "provider[\"registry.terraform.io/hashicorp/aws\"]",
      "instances": [
        {
          "schema_version": 0,
          "attributes": {
            "arn": "arn:aws:iam::730335480302:policy/test-policy",
            "description": "",
            "id": "arn:aws:iam::730335480302:policy/test-policy",
            "name": "test-policy",
            "name_prefix": "",
            "path": "/",
            "policy": "{\"Statement\":[{\"Action\":[\"s3:ListAllMyBuckets\",\"s3:GetBucketLocation\"],\"Effect\":\"Allow\",\"Resource\":\"arn:aws:s3:::*\"}],\"Version\":\"2012-10-17\"}",
            "policy_id": "ANPA2UC3DBHXDR4G5RUGE",
            "tags": {},
            "tags_all": {}
          },
          "sensitive_attributes": [],
          "private": "bnVsbA=="
        }
      ]
    },
    {
      "mode": "managed",
      "type": "aws_iam_role",
      "name": "EKS",
      "provider": "provider[\"registry.terraform.io/hashicorp/aws\"]",
      "instances": [
        {
          "schema_version": 0,
          "attributes": {
            "arn": "arn:aws:iam::730335480302:role/eks-cluster",
            "assume_role_policy": "{\"Statement\":[{\"Action\":\"sts:AssumeRole\",\"Effect\":\"Allow\",\"Principal\":{\"Service\":\"eks.amazonaws.com\"}}],\"Version\":\"2012-10-17\"}",
            "create_date": "2024-05-01T10:48:10Z",
            "description": "",
            "force_detach_policies": false,
            "id": "eks-cluster",
            "inline_policy": [],
            "managed_policy_arns": [
              "arn:aws:iam::aws:policy/AmazonEKSClusterPolicy"
            ],
            "max_session_duration": 3600,
            "name": "eks-cluster",
            "name_prefix": "",
            "path": "/",
            "permissions_boundary": null,
            "role_last_used": [
              {
                "last_used_date": "",
                "region": ""
              }
            ],
            "tags": {},
            "tags_all": {},
            "unique_id": "AROA2UC3DBHXF7BPZSTOV"
          },
          "sensitive_attributes": [],
          "private": "bnVsbA=="
        }
      ]
    },
    {
      "mode": "managed",
      "type": "aws_iam_role",
      "name": "backup_role",
      "provider": "provider[\"registry.terraform.io/hashicorp/aws\"]",
      "instances": [
        {
          "schema_version": 0,
          "attributes": {
            "arn": "arn:aws:iam::730335480302:role/backup-role",
            "assume_role_policy": "{\"Statement\":[{\"Action\":\"sts:AssumeRole\",\"Effect\":\"Allow\",\"Principal\":{\"Service\":\"backup.amazonaws.com\"},\"Sid\":\"\"}],\"Version\":\"2012-10-17\"}",
            "create_date": "2024-05-01T10:48:10Z",
            "description": "",
            "force_detach_policies": false,
            "id": "backup-role",
            "inline_policy": [],
            "managed_policy_arns": [
              "arn:aws:iam::aws:policy/service-role/AWSBackupServiceRolePolicyForBackup"
            ],
            "max_session_duration": 3600,
            "name": "backup-role",
            "name_prefix": "",
            "path": "/",
            "permissions_boundary": null,
            "role_last_used": [
              {
                "last_used_date": "",
                "region": ""
              }
            ],
            "tags": {},
            "tags_all": {},
            "unique_id": "AROA2UC3DBHXEJB5JCILM"
          },
          "sensitive_attributes": [],
          "private": "bnVsbA==",
          "dependencies": [
            "data.aws_iam_policy_document.ass_role"
          ]
        }
      ]
    },
    {
      "mode": "managed",
      "type": "aws_iam_role",
      "name": "nodes",
      "provider": "provider[\"registry.terraform.io/hashicorp/aws\"]",
      "instances": [
        {
          "schema_version": 0,
          "attributes": {
            "arn": "arn:aws:iam::730335480302:role/eks_group_nodes",
            "assume_role_policy": "{\"Statement\":[{\"Action\":\"sts:AssumeRole\",\"Effect\":\"Allow\",\"Principal\":{\"Service\":\"ec2.amazonaws.com\"}}],\"Version\":\"2012-10-17\"}",
            "create_date": "2024-05-01T10:48:10Z",
            "description": "",
            "force_detach_policies": false,
            "id": "eks_group_nodes",
            "inline_policy": [],
            "managed_policy_arns": [
              "arn:aws:iam::aws:policy/AmazonEC2ContainerRegistryReadOnly",
              "arn:aws:iam::aws:policy/AmazonEKSWorkerNodePolicy",
              "arn:aws:iam::aws:policy/AmazonEKS_CNI_Policy"
            ],
            "max_session_duration": 3600,
            "name": "eks_group_nodes",
            "name_prefix": "",
            "path": "/",
            "permissions_boundary": null,
            "role_last_used": [
              {
                "last_used_date": "",
                "region": ""
              }
            ],
            "tags": {},
            "tags_all": {},
            "unique_id": "AROA2UC3DBHXOTV3GRFSQ"
          },
          "sensitive_attributes": [],
          "private": "bnVsbA=="
        }
      ]
    },
    {
      "mode": "managed",
      "type": "aws_iam_role",
      "name": "test_oidc",
      "provider": "provider[\"registry.terraform.io/hashicorp/aws\"]",
      "instances": [
        {
          "schema_version": 0,
          "attributes": {
            "arn": "arn:aws:iam::730335480302:role/test-oidc",
            "assume_role_policy": "{\"Statement\":[{\"Action\":\"sts:AssumeRoleWithWebIdentity\",\"Condition\":{\"StringEquals\":{\"oidc.eks.us-east-1.amazonaws.com/id/F46E41D3F05CEAAE858FE893CA473714:sub\":\"system:serviceaccount:default:aws-test\"}},\"Effect\":\"Allow\",\"Principal\":{\"Federated\":\"arn:aws:iam::730335480302:oidc-provider/oidc.eks.us-east-1.amazonaws.com/id/F46E41D3F05CEAAE858FE893CA473714\"},\"Sid\":\"\"}],\"Version\":\"2012-10-17\"}",
            "create_date": "2024-05-01T10:57:23Z",
            "description": "",
            "force_detach_policies": false,
            "id": "test-oidc",
            "inline_policy": [],
            "managed_policy_arns": [
              "arn:aws:iam::730335480302:policy/test-policy"
            ],
            "max_session_duration": 3600,
            "name": "test-oidc",
            "name_prefix": "",
            "path": "/",
            "permissions_boundary": null,
            "role_last_used": [
              {
                "last_used_date": "",
                "region": ""
              }
            ],
            "tags": {},
            "tags_all": {},
            "unique_id": "AROA2UC3DBHXGYNUY5Y5V"
          },
          "sensitive_attributes": [],
          "private": "bnVsbA==",
          "dependencies": [
            "aws_eks_cluster.eks_cluster",
            "aws_iam_openid_connect_provider.eks",
            "aws_iam_role.EKS",
            "aws_iam_role_policy_attachment.EKS_AmazonEKSClusterPolicy",
            "aws_subnet.private_1",
            "aws_subnet.private_2",
            "aws_subnet.public_1",
            "aws_subnet.public_2",
            "aws_vpc.main",
            "data.aws_iam_policy_document.test_oidc_assume_role_policy",
            "data.tls_certificate.eks"
          ]
        }
      ]
    },
    {
      "mode": "managed",
      "type": "aws_iam_role_policy_attachment",
      "name": "EKS_AmazonEKSClusterPolicy",
      "provider": "provider[\"registry.terraform.io/hashicorp/aws\"]",
      "instances": [
        {
          "schema_version": 0,
          "attributes": {
            "id": "eks-cluster-20240501104801152400000005",
            "policy_arn": "arn:aws:iam::aws:policy/AmazonEKSClusterPolicy",
            "role": "eks-cluster"
          },
          "sensitive_attributes": [],
          "private": "bnVsbA==",
          "dependencies": [
            "aws_iam_role.EKS"
          ]
        }
      ]
    },
    {
      "mode": "managed",
      "type": "aws_iam_role_policy_attachment",
      "name": "backup_role_attachment",
      "provider": "provider[\"registry.terraform.io/hashicorp/aws\"]",
      "instances": [
        {
          "schema_version": 0,
          "attributes": {
            "id": "backup-role-20240501104801368900000006",
            "policy_arn": "arn:aws:iam::aws:policy/service-role/AWSBackupServiceRolePolicyForBackup",
            "role": "backup-role"
          },
          "sensitive_attributes": [],
          "private": "bnVsbA==",
          "dependencies": [
            "aws_iam_role.backup_role",
            "data.aws_iam_policy_document.ass_role"
          ]
        }
      ]
    },
    {
      "mode": "managed",
      "type": "aws_iam_role_policy_attachment",
      "name": "nodes_AmazonEC2ContainerRegistryReadOnly",
      "provider": "provider[\"registry.terraform.io/hashicorp/aws\"]",
      "instances": [
        {
          "schema_version": 0,
          "attributes": {
            "id": "eks_group_nodes-20240501104801145800000004",
            "policy_arn": "arn:aws:iam::aws:policy/AmazonEC2ContainerRegistryReadOnly",
            "role": "eks_group_nodes"
          },
          "sensitive_attributes": [],
          "private": "bnVsbA==",
          "dependencies": [
            "aws_iam_role.nodes"
          ]
        }
      ]
    },
    {
      "mode": "managed",
      "type": "aws_iam_role_policy_attachment",
      "name": "nodes_AmazonEKSWorkerNodePolicy",
      "provider": "provider[\"registry.terraform.io/hashicorp/aws\"]",
      "instances": [
        {
          "schema_version": 0,
          "attributes": {
            "id": "eks_group_nodes-20240501104801136200000003",
            "policy_arn": "arn:aws:iam::aws:policy/AmazonEKSWorkerNodePolicy",
            "role": "eks_group_nodes"
          },
          "sensitive_attributes": [],
          "private": "bnVsbA==",
          "dependencies": [
            "aws_iam_role.nodes"
          ]
        }
      ]
    },
    {
      "mode": "managed",
      "type": "aws_iam_role_policy_attachment",
      "name": "nodes_AmazonEKS_CNI_Policy",
      "provider": "provider[\"registry.terraform.io/hashicorp/aws\"]",
      "instances": [
        {
          "schema_version": 0,
          "attributes": {
            "id": "eks_group_nodes-20240501104801135200000002",
            "policy_arn": "arn:aws:iam::aws:policy/AmazonEKS_CNI_Policy",
            "role": "eks_group_nodes"
          },
          "sensitive_attributes": [],
          "private": "bnVsbA==",
          "dependencies": [
            "aws_iam_role.nodes"
          ]
        }
      ]
    },
    {
      "mode": "managed",
      "type": "aws_iam_role_policy_attachment",
      "name": "test_attach",
      "provider": "provider[\"registry.terraform.io/hashicorp/aws\"]",
      "instances": [
        {
          "schema_version": 0,
          "attributes": {
            "id": "test-oidc-2024050110571450460000000c",
            "policy_arn": "arn:aws:iam::730335480302:policy/test-policy",
            "role": "test-oidc"
          },
          "sensitive_attributes": [],
          "private": "bnVsbA==",
          "dependencies": [
            "aws_eks_cluster.eks_cluster",
            "aws_iam_openid_connect_provider.eks",
            "aws_iam_policy.test-policy",
            "aws_iam_role.EKS",
            "aws_iam_role.test_oidc",
            "aws_iam_role_policy_attachment.EKS_AmazonEKSClusterPolicy",
            "aws_subnet.private_1",
            "aws_subnet.private_2",
            "aws_subnet.public_1",
            "aws_subnet.public_2",
            "aws_vpc.main",
            "data.aws_iam_policy_document.test_oidc_assume_role_policy",
            "data.tls_certificate.eks"
          ]
        }
      ]
    },
    {
      "mode": "managed",
      "type": "aws_instance",
      "name": "jenkins_server",
      "provider": "provider[\"registry.terraform.io/hashicorp/aws\"]",
      "instances": [
        {
          "schema_version": 1,
          "attributes": {
            "ami": "ami-07caf09b362be10b8",
            "arn": "arn:aws:ec2:us-east-1:730335480302:instance/i-0256b1bfefcb430cd",
            "associate_public_ip_address": true,
            "availability_zone": "us-east-1a",
            "capacity_reservation_specification": [
              {
                "capacity_reservation_preference": "open",
                "capacity_reservation_target": []
              }
            ],
            "cpu_core_count": 1,
            "cpu_options": [
              {
                "amd_sev_snp": "",
                "core_count": 1,
                "threads_per_core": 1
              }
            ],
            "cpu_threads_per_core": 1,
            "credit_specification": [
              {
                "cpu_credits": "standard"
              }
            ],
            "disable_api_stop": false,
            "disable_api_termination": false,
            "ebs_block_device": [],
            "ebs_optimized": false,
            "enclave_options": [
              {
                "enabled": false
              }
            ],
            "ephemeral_block_device": [],
            "get_password_data": false,
            "hibernation": false,
            "host_id": "",
            "host_resource_group_arn": null,
            "iam_instance_profile": "",
            "id": "i-0256b1bfefcb430cd",
            "instance_initiated_shutdown_behavior": "stop",
            "instance_state": "running",
            "instance_type": "t2.micro",
            "ipv6_address_count": 0,
            "ipv6_addresses": [],
            "key_name": "ec2_jenkins_key",
            "launch_template": [],
            "maintenance_options": [
              {
                "auto_recovery": "default"
              }
            ],
            "metadata_options": [
              {
                "http_endpoint": "enabled",
                "http_put_response_hop_limit": 2,
                "http_tokens": "required",
                "instance_metadata_tags": "disabled"
              }
            ],
            "monitoring": false,
            "network_interface": [],
            "outpost_arn": "",
            "password_data": "",
            "placement_group": "",
            "placement_partition_number": 0,
            "primary_network_interface_id": "eni-0e15bffab86805beb",
            "private_dns": "ip-192-168-22-105.ec2.internal",
            "private_dns_name_options": [
              {
                "enable_resource_name_dns_a_record": false,
                "enable_resource_name_dns_aaaa_record": false,
                "hostname_type": "ip-name"
              }
            ],
            "private_ip": "192.168.22.105",
            "public_dns": "ec2-54-221-150-145.compute-1.amazonaws.com",
            "public_ip": "54.221.150.145",
            "root_block_device": [
              {
                "delete_on_termination": true,
                "device_name": "/dev/xvda",
                "encrypted": false,
                "iops": 3000,
                "kms_key_id": "",
                "tags": {},
                "throughput": 125,
                "volume_id": "vol-07c94e41138c9df56",
                "volume_size": 8,
                "volume_type": "gp3"
              }
            ],
            "secondary_private_ips": [],
            "security_groups": [],
            "source_dest_check": true,
            "subnet_id": "subnet-05dfb86f50f587a04",
            "tags": {
              "Name": "EC2_jenkins"
            },
            "tags_all": {
              "Name": "EC2_jenkins"
            },
            "tenancy": "default",
            "timeouts": null,
            "user_data": null,
            "user_data_base64": null,
            "user_data_replace_on_change": false,
            "volume_tags": null,
            "vpc_security_group_ids": [
              "sg-029b11aeff1165e74"
            ]
          },
          "sensitive_attributes": [],
          "private": "eyJlMmJmYjczMC1lY2FhLTExZTYtOGY4OC0zNDM2M2JjN2M0YzAiOnsiY3JlYXRlIjo2MDAwMDAwMDAwMDAsImRlbGV0ZSI6MTIwMDAwMDAwMDAwMCwidXBkYXRlIjo2MDAwMDAwMDAwMDB9LCJzY2hlbWFfdmVyc2lvbiI6IjEifQ==",
          "dependencies": [
            "aws_key_pair.jenkins_key",
            "aws_subnet.public_1",
            "aws_vpc.main",
            "tls_private_key.rsa_algorithm"
          ]
        }
      ]
    },
    {
      "mode": "managed",
      "type": "aws_internet_gateway",
      "name": "igw",
      "provider": "provider[\"registry.terraform.io/hashicorp/aws\"]",
      "instances": [
        {
          "schema_version": 0,
          "attributes": {
            "arn": "arn:aws:ec2:us-east-1:730335480302:internet-gateway/igw-0ae288243b4cdc4fd",
            "id": "igw-0ae288243b4cdc4fd",
            "owner_id": "730335480302",
            "tags": {
              "Name": "igw"
            },
            "tags_all": {
              "Name": "igw"
            },
            "timeouts": null,
            "vpc_id": "vpc-0a33974d9d918cf3c"
          },
          "sensitive_attributes": [],
          "private": "eyJlMmJmYjczMC1lY2FhLTExZTYtOGY4OC0zNDM2M2JjN2M0YzAiOnsiY3JlYXRlIjoxMjAwMDAwMDAwMDAwLCJkZWxldGUiOjEyMDAwMDAwMDAwMDAsInVwZGF0ZSI6MTIwMDAwMDAwMDAwMH19",
          "dependencies": [
            "aws_vpc.main"
          ]
        }
      ]
    },
    {
      "mode": "managed",
      "type": "aws_key_pair",
      "name": "jenkins_key",
      "provider": "provider[\"registry.terraform.io/hashicorp/aws\"]",
      "instances": [
        {
          "schema_version": 1,
          "attributes": {
            "arn": "arn:aws:ec2:us-east-1:730335480302:key-pair/ec2_jenkins_key",
            "fingerprint": "77:45:83:c6:8f:2e:ea:99:08:8a:fa:f5:23:6a:29:af",
            "id": "ec2_jenkins_key",
            "key_name": "ec2_jenkins_key",
            "key_name_prefix": "",
            "key_pair_id": "key-0955b2f4a5a36032e",
            "key_type": "rsa",
            "public_key": "ssh-rsa AAAAB3NzaC1yc2EAAAADAQABAAACAQDgnevKy1rY+L/Igd3+rsK5bOUhbt/yPG+T+kY61uIaAjgw2rNu9ojgA4ZYBSs3JpdhhURDTDq0t3O5iFYUb2Nz1qsxbBLhrwA8IgScvHSwUXeLTVoM+fuNmMihKIrjBFu4SYJGvcDvaQf3ScmN96hJJYaUIe3e83MmYiFz2/HWqI+Jy7/Wu5/3XPqPvlSzre73gxp+5ICPyn2iPlyAlrJGt/Y9+WHWkm0sbIbnLimNsRinCoPujJLJO9nIiydw6yTpjNzsAGG0odte0RVwI9V/G4xqZqJHun1l3OlUfoSCHxyIFijUOK7oACWqehzNP5poYHnLezTlu2pOsKgoHS1guIcB/WTqhUNVGBgWCjp6iNOZYtOfzP3+sGR6NK2j+4g/12ewxcfctdPgHKJj/UytEW5PbndVmrqqdQX6zlBWIv+9L39Oa3LY17/CsWirIYAaDRhklXxbyBqtoC0Ep/+IgacIcfQ8Wrchj+Knkpaf2gXPTSCoLIHcLPHx9L8VC9beT+ZyJbvOWQnR/0OcGKAIiXSksqeNH0dYJW+hhRh6PSsqGA7h7lr6DgWgTzozPnR8m0xUxPKeTJDhwVRukfIZki52NFCj2TuC4+9ivXJT2aMocT9IfO3Uj43RQksbmr02IH7HPGxw2QDj4Tru0GpivYfHGH7kvDqQo0SrfSpeDw==",
            "tags": {},
            "tags_all": {}
          },
          "sensitive_attributes": [],
          "private": "eyJzY2hlbWFfdmVyc2lvbiI6IjEifQ==",
          "dependencies": [
            "tls_private_key.rsa_algorithm"
          ]
        }
      ]
    },
    {
      "mode": "managed",
      "type": "aws_nat_gateway",
      "name": "ngw1",
      "provider": "provider[\"registry.terraform.io/hashicorp/aws\"]",
      "instances": [
        {
          "schema_version": 0,
          "attributes": {
            "allocation_id": "eipalloc-0ff411bf029d21ebb",
            "association_id": "eipassoc-03eee0e3250d2de05",
            "connectivity_type": "public",
            "id": "nat-0d9b47d47dfbc8d57",
            "network_interface_id": "eni-038e59d0fa0aa1377",
            "private_ip": "192.168.9.28",
            "public_ip": "18.233.192.65",
            "subnet_id": "subnet-05dfb86f50f587a04",
            "tags": {
              "Name": "NAT1"
            },
            "tags_all": {
              "Name": "NAT1"
            }
          },
          "sensitive_attributes": [],
          "private": "bnVsbA==",
          "dependencies": [
            "aws_eip.nat1",
            "aws_internet_gateway.igw",
            "aws_subnet.public_1",
            "aws_vpc.main"
          ]
        }
      ]
    },
    {
      "mode": "managed",
      "type": "aws_nat_gateway",
      "name": "ngw2",
      "provider": "provider[\"registry.terraform.io/hashicorp/aws\"]",
      "instances": [
        {
          "schema_version": 0,
          "attributes": {
            "allocation_id": "eipalloc-0af867644ae35c5d5",
            "association_id": "eipassoc-0df3b8bf1bebf9ce4",
            "connectivity_type": "public",
            "id": "nat-05698f4e22086383b",
            "network_interface_id": "eni-02b5140bc88499e08",
            "private_ip": "192.168.94.168",
            "public_ip": "44.221.226.93",
            "subnet_id": "subnet-0a5300bf022103d28",
            "tags": {
              "Name": "NAT2"
            },
            "tags_all": {
              "Name": "NAT2"
            }
          },
          "sensitive_attributes": [],
          "private": "bnVsbA==",
          "dependencies": [
            "aws_eip.nat2",
            "aws_internet_gateway.igw",
            "aws_subnet.public_2",
            "aws_vpc.main"
          ]
        }
      ]
    },
    {
      "mode": "managed",
      "type": "aws_route_table",
      "name": "private_route_table_1",
      "provider": "provider[\"registry.terraform.io/hashicorp/aws\"]",
      "instances": [
        {
          "schema_version": 0,
          "attributes": {
            "arn": "arn:aws:ec2:us-east-1:730335480302:route-table/rtb-012da33c556363b6d",
            "id": "rtb-012da33c556363b6d",
            "owner_id": "730335480302",
            "propagating_vgws": [],
            "route": [
              {
                "carrier_gateway_id": "",
                "cidr_block": "0.0.0.0/0",
                "core_network_arn": "",
                "destination_prefix_list_id": "",
                "egress_only_gateway_id": "",
                "gateway_id": "",
                "instance_id": "",
                "ipv6_cidr_block": "",
                "local_gateway_id": "",
                "nat_gateway_id": "nat-0d9b47d47dfbc8d57",
                "network_interface_id": "",
                "transit_gateway_id": "",
                "vpc_endpoint_id": "",
                "vpc_peering_connection_id": ""
              }
            ],
            "tags": {
              "Name": "Private1"
            },
            "tags_all": {
              "Name": "Private1"
            },
            "timeouts": null,
            "vpc_id": "vpc-0a33974d9d918cf3c"
          },
          "sensitive_attributes": [],
          "private": "eyJlMmJmYjczMC1lY2FhLTExZTYtOGY4OC0zNDM2M2JjN2M0YzAiOnsiY3JlYXRlIjozMDAwMDAwMDAwMDAsImRlbGV0ZSI6MzAwMDAwMDAwMDAwLCJ1cGRhdGUiOjEyMDAwMDAwMDAwMH19",
          "dependencies": [
            "aws_eip.nat1",
            "aws_internet_gateway.igw",
            "aws_nat_gateway.ngw1",
            "aws_subnet.public_1",
            "aws_vpc.main"
          ]
        }
      ]
    },
    {
      "mode": "managed",
      "type": "aws_route_table",
      "name": "private_route_table_2",
      "provider": "provider[\"registry.terraform.io/hashicorp/aws\"]",
      "instances": [
        {
          "schema_version": 0,
          "attributes": {
            "arn": "arn:aws:ec2:us-east-1:730335480302:route-table/rtb-093dedb2135fe4172",
            "id": "rtb-093dedb2135fe4172",
            "owner_id": "730335480302",
            "propagating_vgws": [],
            "route": [
              {
                "carrier_gateway_id": "",
                "cidr_block": "0.0.0.0/0",
                "core_network_arn": "",
                "destination_prefix_list_id": "",
                "egress_only_gateway_id": "",
                "gateway_id": "",
                "instance_id": "",
                "ipv6_cidr_block": "",
                "local_gateway_id": "",
                "nat_gateway_id": "nat-05698f4e22086383b",
                "network_interface_id": "",
                "transit_gateway_id": "",
                "vpc_endpoint_id": "",
                "vpc_peering_connection_id": ""
              }
            ],
            "tags": {
              "Name": "Private2"
            },
            "tags_all": {
              "Name": "Private2"
            },
            "timeouts": null,
            "vpc_id": "vpc-0a33974d9d918cf3c"
          },
          "sensitive_attributes": [],
          "private": "eyJlMmJmYjczMC1lY2FhLTExZTYtOGY4OC0zNDM2M2JjN2M0YzAiOnsiY3JlYXRlIjozMDAwMDAwMDAwMDAsImRlbGV0ZSI6MzAwMDAwMDAwMDAwLCJ1cGRhdGUiOjEyMDAwMDAwMDAwMH19",
          "dependencies": [
            "aws_eip.nat2",
            "aws_internet_gateway.igw",
            "aws_nat_gateway.ngw2",
            "aws_subnet.public_2",
            "aws_vpc.main"
          ]
        }
      ]
    },
    {
      "mode": "managed",
      "type": "aws_route_table",
      "name": "public_route_table",
      "provider": "provider[\"registry.terraform.io/hashicorp/aws\"]",
      "instances": [
        {
          "schema_version": 0,
          "attributes": {
            "arn": "arn:aws:ec2:us-east-1:730335480302:route-table/rtb-0f0d7b13f233950bd",
            "id": "rtb-0f0d7b13f233950bd",
            "owner_id": "730335480302",
            "propagating_vgws": [],
            "route": [
              {
                "carrier_gateway_id": "",
                "cidr_block": "0.0.0.0/0",
                "core_network_arn": "",
                "destination_prefix_list_id": "",
                "egress_only_gateway_id": "",
                "gateway_id": "igw-0ae288243b4cdc4fd",
                "instance_id": "",
                "ipv6_cidr_block": "",
                "local_gateway_id": "",
                "nat_gateway_id": "",
                "network_interface_id": "",
                "transit_gateway_id": "",
                "vpc_endpoint_id": "",
                "vpc_peering_connection_id": ""
              }
            ],
            "tags": {
              "Name": "Public"
            },
            "tags_all": {
              "Name": "Public"
            },
            "timeouts": null,
            "vpc_id": "vpc-0a33974d9d918cf3c"
          },
          "sensitive_attributes": [],
          "private": "eyJlMmJmYjczMC1lY2FhLTExZTYtOGY4OC0zNDM2M2JjN2M0YzAiOnsiY3JlYXRlIjozMDAwMDAwMDAwMDAsImRlbGV0ZSI6MzAwMDAwMDAwMDAwLCJ1cGRhdGUiOjEyMDAwMDAwMDAwMH19",
          "dependencies": [
            "aws_internet_gateway.igw",
            "aws_vpc.main"
          ]
        }
      ]
    },
    {
      "mode": "managed",
      "type": "aws_route_table_association",
      "name": "private1",
      "provider": "provider[\"registry.terraform.io/hashicorp/aws\"]",
      "instances": [
        {
          "schema_version": 0,
          "attributes": {
            "gateway_id": "",
            "id": "rtbassoc-07c0fd41c1a368c66",
            "route_table_id": "rtb-012da33c556363b6d",
            "subnet_id": "subnet-043e17fc0705aa85c",
            "timeouts": null
          },
          "sensitive_attributes": [],
          "private": "eyJlMmJmYjczMC1lY2FhLTExZTYtOGY4OC0zNDM2M2JjN2M0YzAiOnsiY3JlYXRlIjozMDAwMDAwMDAwMDAsImRlbGV0ZSI6MzAwMDAwMDAwMDAwLCJ1cGRhdGUiOjEyMDAwMDAwMDAwMH19",
          "dependencies": [
            "aws_eip.nat1",
            "aws_internet_gateway.igw",
            "aws_nat_gateway.ngw1",
            "aws_route_table.private_route_table_1",
            "aws_subnet.private_1",
            "aws_subnet.public_1",
            "aws_vpc.main"
          ]
        }
      ]
    },
    {
      "mode": "managed",
      "type": "aws_route_table_association",
      "name": "private2",
      "provider": "provider[\"registry.terraform.io/hashicorp/aws\"]",
      "instances": [
        {
          "schema_version": 0,
          "attributes": {
            "gateway_id": "",
            "id": "rtbassoc-0be631e60f01293f7",
            "route_table_id": "rtb-093dedb2135fe4172",
            "subnet_id": "subnet-0b3d5c15cd6dffb1a",
            "timeouts": null
          },
          "sensitive_attributes": [],
          "private": "eyJlMmJmYjczMC1lY2FhLTExZTYtOGY4OC0zNDM2M2JjN2M0YzAiOnsiY3JlYXRlIjozMDAwMDAwMDAwMDAsImRlbGV0ZSI6MzAwMDAwMDAwMDAwLCJ1cGRhdGUiOjEyMDAwMDAwMDAwMH19",
          "dependencies": [
            "aws_eip.nat2",
            "aws_internet_gateway.igw",
            "aws_nat_gateway.ngw2",
            "aws_route_table.private_route_table_2",
            "aws_subnet.private_2",
            "aws_subnet.public_2",
            "aws_vpc.main"
          ]
        }
      ]
    },
    {
      "mode": "managed",
      "type": "aws_route_table_association",
      "name": "public1",
      "provider": "provider[\"registry.terraform.io/hashicorp/aws\"]",
      "instances": [
        {
          "schema_version": 0,
          "attributes": {
            "gateway_id": "",
            "id": "rtbassoc-056c6c6035503b0ec",
            "route_table_id": "rtb-0f0d7b13f233950bd",
            "subnet_id": "subnet-05dfb86f50f587a04",
            "timeouts": null
          },
          "sensitive_attributes": [],
          "private": "eyJlMmJmYjczMC1lY2FhLTExZTYtOGY4OC0zNDM2M2JjN2M0YzAiOnsiY3JlYXRlIjozMDAwMDAwMDAwMDAsImRlbGV0ZSI6MzAwMDAwMDAwMDAwLCJ1cGRhdGUiOjEyMDAwMDAwMDAwMH19",
          "dependencies": [
            "aws_internet_gateway.igw",
            "aws_route_table.public_route_table",
            "aws_subnet.public_1",
            "aws_vpc.main"
          ]
        }
      ]
    },
    {
      "mode": "managed",
      "type": "aws_route_table_association",
      "name": "public2",
      "provider": "provider[\"registry.terraform.io/hashicorp/aws\"]",
      "instances": [
        {
          "schema_version": 0,
          "attributes": {
            "gateway_id": "",
            "id": "rtbassoc-06ed0358bef1e29f3",
            "route_table_id": "rtb-0f0d7b13f233950bd",
            "subnet_id": "subnet-0a5300bf022103d28",
            "timeouts": null
          },
          "sensitive_attributes": [],
          "private": "eyJlMmJmYjczMC1lY2FhLTExZTYtOGY4OC0zNDM2M2JjN2M0YzAiOnsiY3JlYXRlIjozMDAwMDAwMDAwMDAsImRlbGV0ZSI6MzAwMDAwMDAwMDAwLCJ1cGRhdGUiOjEyMDAwMDAwMDAwMH19",
          "dependencies": [
            "aws_internet_gateway.igw",
            "aws_route_table.public_route_table",
            "aws_subnet.public_2",
            "aws_vpc.main"
          ]
        }
      ]
    },
    {
      "mode": "managed",
      "type": "aws_security_group",
      "name": "sg",
      "provider": "provider[\"registry.terraform.io/hashicorp/aws\"]",
      "instances": [
        {
          "schema_version": 1,
          "attributes": {
            "arn": "arn:aws:ec2:us-east-1:730335480302:security-group/sg-08c6161acea6d6e79",
            "description": "Managed by Terraform",
            "egress": [
              {
                "cidr_blocks": [
                  "0.0.0.0/0"
                ],
                "description": "",
                "from_port": 0,
                "ipv6_cidr_blocks": [],
                "prefix_list_ids": [],
                "protocol": "-1",
                "security_groups": [],
                "self": false,
                "to_port": 0
              }
            ],
            "id": "sg-08c6161acea6d6e79",
            "ingress": [
              {
                "cidr_blocks": [
                  "0.0.0.0/0"
                ],
                "description": "HTTP",
                "from_port": 80,
                "ipv6_cidr_blocks": [],
                "prefix_list_ids": [],
                "protocol": "tcp",
                "security_groups": [],
                "self": false,
                "to_port": 80
              },
              {
                "cidr_blocks": [
                  "0.0.0.0/0"
                ],
                "description": "HTTPS",
                "from_port": 443,
                "ipv6_cidr_blocks": [],
                "prefix_list_ids": [],
                "protocol": "tcp",
                "security_groups": [],
                "self": false,
                "to_port": 443
              },
              {
                "cidr_blocks": [
                  "0.0.0.0/0"
                ],
                "description": "my vpc",
                "from_port": 8080,
                "ipv6_cidr_blocks": [],
                "prefix_list_ids": [],
                "protocol": "tcp",
                "security_groups": [],
                "self": false,
                "to_port": 8080
              },
              {
                "cidr_blocks": [
                  "0.0.0.0/0"
                ],
                "description": "ssh",
                "from_port": 22,
                "ipv6_cidr_blocks": [],
                "prefix_list_ids": [],
                "protocol": "tcp",
                "security_groups": [],
                "self": false,
                "to_port": 22
              }
            ],
            "name": "terraform-20240501104813402600000007",
            "name_prefix": "terraform-",
            "owner_id": "730335480302",
            "revoke_rules_on_delete": false,
            "tags": {},
            "tags_all": {},
            "timeouts": null,
            "vpc_id": "vpc-0a33974d9d918cf3c"
          },
          "sensitive_attributes": [],
          "private": "eyJlMmJmYjczMC1lY2FhLTExZTYtOGY4OC0zNDM2M2JjN2M0YzAiOnsiY3JlYXRlIjo2MDAwMDAwMDAwMDAsImRlbGV0ZSI6OTAwMDAwMDAwMDAwfSwic2NoZW1hX3ZlcnNpb24iOiIxIn0=",
          "dependencies": [
            "aws_vpc.main"
          ]
        }
      ]
    },
    {
      "mode": "managed",
      "type": "aws_subnet",
      "name": "private_1",
      "provider": "provider[\"registry.terraform.io/hashicorp/aws\"]",
      "instances": [
        {
          "schema_version": 1,
          "attributes": {
            "arn": "arn:aws:ec2:us-east-1:730335480302:subnet/subnet-043e17fc0705aa85c",
            "assign_ipv6_address_on_creation": false,
            "availability_zone": "us-east-1a",
            "availability_zone_id": "use1-az4",
            "cidr_block": "192.168.128.0/19",
            "customer_owned_ipv4_pool": "",
            "enable_dns64": false,
            "enable_lni_at_device_index": 0,
            "enable_resource_name_dns_a_record_on_launch": false,
            "enable_resource_name_dns_aaaa_record_on_launch": false,
            "id": "subnet-043e17fc0705aa85c",
            "ipv6_cidr_block": "",
            "ipv6_cidr_block_association_id": "",
            "ipv6_native": false,
            "map_customer_owned_ip_on_launch": false,
            "map_public_ip_on_launch": false,
            "outpost_arn": "",
            "owner_id": "730335480302",
            "private_dns_hostname_type_on_launch": "ip-name",
            "tags": {
              "Name": "private-us-east-1a",
              "kubernetes.io/cluster/eks": "shared",
              "kubernetes.io/role/elb": "1"
            },
            "tags_all": {
              "Name": "private-us-east-1a",
              "kubernetes.io/cluster/eks": "shared",
              "kubernetes.io/role/elb": "1"
            },
            "timeouts": null,
            "vpc_id": "vpc-0a33974d9d918cf3c"
          },
          "sensitive_attributes": [],
          "private": "eyJlMmJmYjczMC1lY2FhLTExZTYtOGY4OC0zNDM2M2JjN2M0YzAiOnsiY3JlYXRlIjo2MDAwMDAwMDAwMDAsImRlbGV0ZSI6MTIwMDAwMDAwMDAwMH0sInNjaGVtYV92ZXJzaW9uIjoiMSJ9",
          "dependencies": [
            "aws_vpc.main"
          ]
        }
      ]
    },
    {
      "mode": "managed",
      "type": "aws_subnet",
      "name": "private_2",
      "provider": "provider[\"registry.terraform.io/hashicorp/aws\"]",
      "instances": [
        {
          "schema_version": 1,
          "attributes": {
            "arn": "arn:aws:ec2:us-east-1:730335480302:subnet/subnet-0b3d5c15cd6dffb1a",
            "assign_ipv6_address_on_creation": false,
            "availability_zone": "us-east-1b",
            "availability_zone_id": "use1-az6",
            "cidr_block": "192.168.192.0/19",
            "customer_owned_ipv4_pool": "",
            "enable_dns64": false,
            "enable_lni_at_device_index": 0,
            "enable_resource_name_dns_a_record_on_launch": false,
            "enable_resource_name_dns_aaaa_record_on_launch": false,
            "id": "subnet-0b3d5c15cd6dffb1a",
            "ipv6_cidr_block": "",
            "ipv6_cidr_block_association_id": "",
            "ipv6_native": false,
            "map_customer_owned_ip_on_launch": false,
            "map_public_ip_on_launch": false,
            "outpost_arn": "",
            "owner_id": "730335480302",
            "private_dns_hostname_type_on_launch": "ip-name",
            "tags": {
              "Name": "private-us-east-1b",
              "kubernetes.io/cluster/demo": "owned",
              "kubernetes.io/role/internal-elb": "1"
            },
            "tags_all": {
              "Name": "private-us-east-1b",
              "kubernetes.io/cluster/demo": "owned",
              "kubernetes.io/role/internal-elb": "1"
            },
            "timeouts": null,
            "vpc_id": "vpc-0a33974d9d918cf3c"
          },
          "sensitive_attributes": [],
          "private": "eyJlMmJmYjczMC1lY2FhLTExZTYtOGY4OC0zNDM2M2JjN2M0YzAiOnsiY3JlYXRlIjo2MDAwMDAwMDAwMDAsImRlbGV0ZSI6MTIwMDAwMDAwMDAwMH0sInNjaGVtYV92ZXJzaW9uIjoiMSJ9",
          "dependencies": [
            "aws_vpc.main"
          ]
        }
      ]
    },
    {
      "mode": "managed",
      "type": "aws_subnet",
      "name": "public_1",
      "provider": "provider[\"registry.terraform.io/hashicorp/aws\"]",
      "instances": [
        {
          "schema_version": 1,
          "attributes": {
            "arn": "arn:aws:ec2:us-east-1:730335480302:subnet/subnet-05dfb86f50f587a04",
            "assign_ipv6_address_on_creation": false,
            "availability_zone": "us-east-1a",
            "availability_zone_id": "use1-az4",
            "cidr_block": "192.168.0.0/18",
            "customer_owned_ipv4_pool": "",
            "enable_dns64": false,
            "enable_lni_at_device_index": 0,
            "enable_resource_name_dns_a_record_on_launch": false,
            "enable_resource_name_dns_aaaa_record_on_launch": false,
            "id": "subnet-05dfb86f50f587a04",
            "ipv6_cidr_block": "",
            "ipv6_cidr_block_association_id": "",
            "ipv6_native": false,
            "map_customer_owned_ip_on_launch": false,
            "map_public_ip_on_launch": true,
            "outpost_arn": "",
            "owner_id": "730335480302",
            "private_dns_hostname_type_on_launch": "ip-name",
            "tags": {
              "Name": "public-us-east-1a",
              "kubernetes.io/cluster/eks": "shared",
              "kubernetes.io/role/elb": "1"
            },
            "tags_all": {
              "Name": "public-us-east-1a",
              "kubernetes.io/cluster/eks": "shared",
              "kubernetes.io/role/elb": "1"
            },
            "timeouts": null,
            "vpc_id": "vpc-0a33974d9d918cf3c"
          },
          "sensitive_attributes": [],
          "private": "eyJlMmJmYjczMC1lY2FhLTExZTYtOGY4OC0zNDM2M2JjN2M0YzAiOnsiY3JlYXRlIjo2MDAwMDAwMDAwMDAsImRlbGV0ZSI6MTIwMDAwMDAwMDAwMH0sInNjaGVtYV92ZXJzaW9uIjoiMSJ9",
          "dependencies": [
            "aws_vpc.main"
          ]
        }
      ]
    },
    {
      "mode": "managed",
      "type": "aws_subnet",
      "name": "public_2",
      "provider": "provider[\"registry.terraform.io/hashicorp/aws\"]",
      "instances": [
        {
          "schema_version": 1,
          "attributes": {
            "arn": "arn:aws:ec2:us-east-1:730335480302:subnet/subnet-0a5300bf022103d28",
            "assign_ipv6_address_on_creation": false,
            "availability_zone": "us-east-1b",
            "availability_zone_id": "use1-az6",
            "cidr_block": "192.168.64.0/18",
            "customer_owned_ipv4_pool": "",
            "enable_dns64": false,
            "enable_lni_at_device_index": 0,
            "enable_resource_name_dns_a_record_on_launch": false,
            "enable_resource_name_dns_aaaa_record_on_launch": false,
            "id": "subnet-0a5300bf022103d28",
            "ipv6_cidr_block": "",
            "ipv6_cidr_block_association_id": "",
            "ipv6_native": false,
            "map_customer_owned_ip_on_launch": false,
            "map_public_ip_on_launch": true,
            "outpost_arn": "",
            "owner_id": "730335480302",
            "private_dns_hostname_type_on_launch": "ip-name",
            "tags": {
              "Name": "public-us-east-1b",
              "kubernetes.io/cluster/eks": "shared",
              "kubernetes.io/role/elb": "1"
            },
            "tags_all": {
              "Name": "public-us-east-1b",
              "kubernetes.io/cluster/eks": "shared",
              "kubernetes.io/role/elb": "1"
            },
            "timeouts": null,
            "vpc_id": "vpc-0a33974d9d918cf3c"
          },
          "sensitive_attributes": [],
          "private": "eyJlMmJmYjczMC1lY2FhLTExZTYtOGY4OC0zNDM2M2JjN2M0YzAiOnsiY3JlYXRlIjo2MDAwMDAwMDAwMDAsImRlbGV0ZSI6MTIwMDAwMDAwMDAwMH0sInNjaGVtYV92ZXJzaW9uIjoiMSJ9",
          "dependencies": [
            "aws_vpc.main"
          ]
        }
      ]
    },
    {
      "mode": "managed",
      "type": "aws_vpc",
      "name": "main",
      "provider": "provider[\"registry.terraform.io/hashicorp/aws\"]",
      "instances": [
        {
          "schema_version": 1,
          "attributes": {
            "arn": "arn:aws:ec2:us-east-1:730335480302:vpc/vpc-0a33974d9d918cf3c",
            "assign_generated_ipv6_cidr_block": false,
            "cidr_block": "192.168.0.0/16",
            "default_network_acl_id": "acl-02fbd029f35b15824",
            "default_route_table_id": "rtb-0cccf4f4444e34078",
            "default_security_group_id": "sg-029b11aeff1165e74",
            "dhcp_options_id": "dopt-0451b3db60d2aa194",
            "enable_classiclink": false,
            "enable_classiclink_dns_support": false,
            "enable_dns_hostnames": true,
            "enable_dns_support": true,
            "enable_network_address_usage_metrics": false,
            "id": "vpc-0a33974d9d918cf3c",
            "instance_tenancy": "default",
            "ipv4_ipam_pool_id": null,
            "ipv4_netmask_length": null,
            "ipv6_association_id": "",
            "ipv6_cidr_block": "",
            "ipv6_cidr_block_network_border_group": "",
            "ipv6_ipam_pool_id": "",
            "ipv6_netmask_length": 0,
            "main_route_table_id": "rtb-0cccf4f4444e34078",
            "owner_id": "730335480302",
            "tags": {
              "Name": "main"
            },
            "tags_all": {
              "Name": "main"
            }
          },
          "sensitive_attributes": [],
          "private": "eyJzY2hlbWFfdmVyc2lvbiI6IjEifQ=="
        }
      ]
    },
    {
      "mode": "managed",
      "type": "local_file",
      "name": "private_key_file",
      "provider": "provider[\"registry.terraform.io/hashicorp/local\"]",
      "instances": [
        {
          "schema_version": 0,
          "attributes": {
            "content": "-----BEGIN RSA PRIVATE KEY-----\nMIIJKAIBAAKCAgEA4J3rysta2Pi/yIHd/q7CuWzlIW7f8jxvk/pGOtbiGgI4MNqz\nbvaI4AOGWAUrNyaXYYVEQ0w6tLdzuYhWFG9jc9arMWwS4a8APCIEnLx0sFF3i01a\nDPn7jZjIoSiK4wRbuEmCRr3A72kH90nJjfeoSSWGlCHt3vNzJmIhc9vx1qiPicu/\n1ruf91z6j75Us63u94MafuSAj8p9oj5cgJayRrf2Pflh1pJtLGyG5y4pjbEYpwqD\n7oySyTvZyIsncOsk6Yzc7ABhtKHbXtEVcCPVfxuMamaiR7p9ZdzpVH6Egh8ciBYo\n1Diu6AAlqnoczT+aaGB5y3s05btqTrCoKB0tYLiHAf1k6oVDVRgYFgo6eojTmWLT\nn8z9/rBkejSto/uIP9dnsMXH3LXT4ByiY/1MrRFuT253VZq6qnUF+s5QViL/vS9/\nTmty2Ne/wrFoqyGAGg0YZJV8W8garaAtBKf/iIGnCHH0PFq3IY/ip5KWn9oFz00g\nqCyB3Czx8fS/FQvW3k/mciW7zlkJ0f9DnBigCIl0pLKnjR9HWCVvoYUYej0rKhgO\n4e5a+g4FoE86Mz50fJtMVMTynkyQ4cFUbpHyGZIudjRQo9k7guPvYr1yU9mjKHE/\nSHzt1I+N0UJLG5q9NiB+xzxscNkA4+E67tBqYr2Hxxh+5Lw6kKNEq30qXg8CAwEA\nAQKCAgAYXkmkeKdkfqgf0qcI6GDLyRqao/K7zv6z6SURYRqqg68g7bklwq1a0EcU\n6YqksxUdSV38hxqfXH+7kyTzlpoNiS6NcBIkVd4KqA4kCvYF4vC7Nisc2UoHNJof\nkcxvkJt6xM7TaeaykoyAsYqiUkn5lY6iJ4Qs+fB2K5NBhI0aIrNf2bD4VOan6Xht\ne9Koo6gXRivrtFKWRvuWTHmwoai5r1+RnaqVotEhTqzcC9AKRTpNdQCXMr0CA/I+\npYoj3/7jL5sQJ4JyHFU2ViyjO9//qDd1m6jja0ILeQn/VrJ9g26O/Qh07alcFhgA\nBLt3MP1JcZ4FC1rTyZ9g5h14LKItdgRlO/GoZNMJBv85WTkD/pSPfhrvSQVG137g\n9CcfWdDj00qfF1QqlHesu1UtwmTaWhG+WgAcoBNI7uBk72wPuybJ5dnHt1TffwDs\ny6kTPUxW95DbGizDS9Lp1zA3q5nCQncq7q2VDDpgSJc/itke4lrRz1cxTAoLekq7\nu6mUuCx3CqOfqSd7aCDA9T0Pd5iBOaQ5ePb5PgkBzH3wCCUZcrqwont5lpasLWq5\n/Bie1cSn+Cyf1/SxMeI9HkKoSe8YuXzWD32xnXGqnc8VHX25gLlnIotxh7Ab7GZI\nUyS6omOiyow5KWZo9muHiaaaX3Tus9mj4asXpoiDs0hOw2TuQQKCAQEA+dYlpoFF\nwiQNStxv0mc3RkOHLjA9qWS/7KtyecYfxi2agqpx7n2UcV0B2y4Rt/GKGxl6+PYK\nOOvpp3LmOxMSO0mm5Y54WJd0lv52ybNjxXpOEyY7iKst4QsbzeRkItmpuVN64MQs\nZ2fgHe6pOOvJxaajNvgrRJoUJ8Eo0lTBmLCiHdaRY3t+M7GylxEbp3y8rrmWi4z0\nXHjWI/sbv3JrTeTLC62dKfUdOHuMPK20afhxgn5VUPtlQsFMdvltIzSw/rFbYmIl\n/Hu4hS4wQYBGjh/Vu8x4H+f+X/hCu6xFV8h3S07XR1gFPaGQ+KMbaNB2m45iGTeX\n87RCMGM9JHyX0QKCAQEA5ih/k6J2FOAhx1GsG14g7NlyrT3ek3vemgnPhjB7UTa5\nobQDpkb5GrBKPH0jse1K5TBy9wlfidlf3rzIGxaynWB/+nOyPnl/nyWLHCMQQeXQ\nccdvAgUwwwwyeZBRvxDGppLfYKI1w17viJTcpUFZcm3bSL737cMSrw65NKisiVuy\nHDf6OQdU/BN09OgWtK95AA1lYzecG/KXaTudY4dS/dDxnv2srVhMBCuMlvSphMlS\nJGCKRREtbHyXEqB6B7bCf0TzxzX1gQhgLCRAXJcjUHL7SfykCSSHBvZiw4EIROP/\nD2hnlONeHGYYLUlnmgi98gCa9WC+kxYawIIolAbv3wKCAQAVFrp+35Kf3KMymoDl\n5ciIqdKTV4cc8WAx/hbfqJWuCNNuDC0p0HfjSdKKSc09FaputyvmL/6U53UFqXE9\ns1JqpsDrx6bo83/n7vrf88CMPtKwUx3bX3ez81gZfRnmxzDIb/+DUYvd/qqwXCD0\nqRKTGInWbgRY+hiRcoCboIPm+6HzmtUS7K2ud2V30v3emWzj4s6OYQuPcrPAvcWN\n136vSIzLI5CMpiAdUHB5/r+n4kzSkw9oko/tnptxv4Qy4JPALABmwZorQdZFh6yT\nGtzZyl4kSBIrv019lFsttFD2I/nN5Y3Oe+OVXDn8gughZNdeMhqdvk+ZRrH/m6Dh\nn5LBAoIBAQCOCNgSR+QPJfIyixhnG0O+ZsL6XoAJDBxnez5yVWEE0Xzlaa4G4y2/\nZqOpiKCKoSHjJm8MPOCUtW0Qi/gBn5RCwta3vMZ2/4vertCWYJ0bzbNBRA4hdQqO\nk+xiUMnh23x8N49al0AOfXvdEeDIqveEQn9c+V0PgZ76IV/yO1WevtO/zlvA7eFo\nXqmCqee5QcCuY5X6EMtqA9+ktYF/dnek41j5ARubLi5bNHTig8JJi+QBRwKNdPhP\nRuQEPryQHh0RZX/7pDUJmB2hoA2IFk1YzFx/YEXqznv1s/9nHy33Nayl2YxyuY3O\ngMLSz8X7rQFrYyw92aJCKxX/T1OzZkSJAoIBAB3vwDt4mTiKdMA6oVT1c+EtoCR0\nzGM3jAEpmH0jq2yLyZfYtKnNJIgvUwrSDaSzUqDUPYckWqsZE7Oz7BODfwM0BLq7\nRDmcVgm1GCQUGAiTEaUq3wJVc+guj859xERzwjdtzW2+MIYuwt5YnJ+IPO5uDw5x\nprKiRAc7sIcGmXmQYU3WnjIHHa+W3+uTc8lyPPGn84/odY1pJLwILgIOItz9ncHl\nzcOdUOwETfIK3gCzdJl7+IxMHX6VQ1lVKEyuLLTOCpqC1wh/IUErdKJcfM35sPuY\nXLR65fsIfAX8rFdJ5D9DDqGWFRlisLzg6ahJqwadZcO94pHxPu/B2Hiog6k=\n-----END RSA PRIVATE KEY-----\n",
            "content_base64": null,
            "content_base64sha256": "skCCBFuI/FLm9gjQqSx8LSvKaoRrWPZSwyVbPW2gg44=",
            "content_base64sha512": "704N5oxWlS06tSW6NqeCgShA4RA2JG3G6ZGdeCFaNUU0HV8vjju4ujjOhemZgCI5ZkfYMaC2pCnurEEOAlHlOg==",
            "content_md5": "fed13d7c5860f9d2019bced99e17ee09",
            "content_sha1": "19f6a94ef20ad90b32b971560547bf696e4b08fd",
            "content_sha256": "b24082045b88fc52e6f608d0a92c7c2d2bca6a846b58f652c3255b3d6da0838e",
            "content_sha512": "ef4e0de68c56952d3ab525ba36a782812840e11036246dc6e9919d78215a3545341d5f2f8e3bb8ba38ce85e9998022396647d831a0b6a429eeac410e0251e53a",
            "directory_permission": "0777",
            "file_permission": "0400",
            "filename": "./ec2_jenkins_key_private.pem",
            "id": "19f6a94ef20ad90b32b971560547bf696e4b08fd",
            "sensitive_content": null,
            "source": null
          },
          "sensitive_attributes": [
            [
              {
                "type": "get_attr",
                "value": "content"
              }
            ],
            [
              {
                "type": "get_attr",
                "value": "sensitive_content"
              }
            ]
          ],
          "dependencies": [
            "tls_private_key.rsa_algorithm"
          ]
        }
      ]
    },
    {
      "mode": "managed",
      "type": "tls_private_key",
      "name": "rsa_algorithm",
      "provider": "provider[\"registry.terraform.io/hashicorp/tls\"]",
      "instances": [
        {
          "schema_version": 1,
          "attributes": {
            "algorithm": "RSA",
            "ecdsa_curve": "P224",
            "id": "6961914cbf955edc37d60b9a3b7ffc6d8a3ddcd7",
            "private_key_openssh": "-----BEGIN OPENSSH PRIVATE KEY-----\nb3BlbnNzaC1rZXktdjEAAAAABG5vbmUAAAAEbm9uZQAAAAAAAAABAAACFwAAAAdz\nc2gtcnNhAAAAAwEAAQAAAgEA4J3rysta2Pi/yIHd/q7CuWzlIW7f8jxvk/pGOtbi\nGgI4MNqzbvaI4AOGWAUrNyaXYYVEQ0w6tLdzuYhWFG9jc9arMWwS4a8APCIEnLx0\nsFF3i01aDPn7jZjIoSiK4wRbuEmCRr3A72kH90nJjfeoSSWGlCHt3vNzJmIhc9vx\n1qiPicu/1ruf91z6j75Us63u94MafuSAj8p9oj5cgJayRrf2Pflh1pJtLGyG5y4p\njbEYpwqD7oySyTvZyIsncOsk6Yzc7ABhtKHbXtEVcCPVfxuMamaiR7p9ZdzpVH6E\ngh8ciBYo1Diu6AAlqnoczT+aaGB5y3s05btqTrCoKB0tYLiHAf1k6oVDVRgYFgo6\neojTmWLTn8z9/rBkejSto/uIP9dnsMXH3LXT4ByiY/1MrRFuT253VZq6qnUF+s5Q\nViL/vS9/Tmty2Ne/wrFoqyGAGg0YZJV8W8garaAtBKf/iIGnCHH0PFq3IY/ip5KW\nn9oFz00gqCyB3Czx8fS/FQvW3k/mciW7zlkJ0f9DnBigCIl0pLKnjR9HWCVvoYUY\nej0rKhgO4e5a+g4FoE86Mz50fJtMVMTynkyQ4cFUbpHyGZIudjRQo9k7guPvYr1y\nU9mjKHE/SHzt1I+N0UJLG5q9NiB+xzxscNkA4+E67tBqYr2Hxxh+5Lw6kKNEq30q\nXg8AAAc4ECya1BAsmtQAAAAHc3NoLXJzYQAAAgEA4J3rysta2Pi/yIHd/q7CuWzl\nIW7f8jxvk/pGOtbiGgI4MNqzbvaI4AOGWAUrNyaXYYVEQ0w6tLdzuYhWFG9jc9ar\nMWwS4a8APCIEnLx0sFF3i01aDPn7jZjIoSiK4wRbuEmCRr3A72kH90nJjfeoSSWG\nlCHt3vNzJmIhc9vx1qiPicu/1ruf91z6j75Us63u94MafuSAj8p9oj5cgJayRrf2\nPflh1pJtLGyG5y4pjbEYpwqD7oySyTvZyIsncOsk6Yzc7ABhtKHbXtEVcCPVfxuM\namaiR7p9ZdzpVH6Egh8ciBYo1Diu6AAlqnoczT+aaGB5y3s05btqTrCoKB0tYLiH\nAf1k6oVDVRgYFgo6eojTmWLTn8z9/rBkejSto/uIP9dnsMXH3LXT4ByiY/1MrRFu\nT253VZq6qnUF+s5QViL/vS9/Tmty2Ne/wrFoqyGAGg0YZJV8W8garaAtBKf/iIGn\nCHH0PFq3IY/ip5KWn9oFz00gqCyB3Czx8fS/FQvW3k/mciW7zlkJ0f9DnBigCIl0\npLKnjR9HWCVvoYUYej0rKhgO4e5a+g4FoE86Mz50fJtMVMTynkyQ4cFUbpHyGZIu\ndjRQo9k7guPvYr1yU9mjKHE/SHzt1I+N0UJLG5q9NiB+xzxscNkA4+E67tBqYr2H\nxxh+5Lw6kKNEq30qXg8AAAADAQABAAACABheSaR4p2R+qB/SpwjoYMvJGpqj8rvO\n/rPpJRFhGqqDryDtuSXCrVrQRxTpiqSzFR1JXfyHGp9cf7uTJPOWmg2JLo1wEiRV\n3gqoDiQK9gXi8Ls2KxzZSgc0mh+RzG+Qm3rEztNp5rKSjICxiqJSSfmVjqInhCz5\n8HYrk0GEjRois1/ZsPhU5qfpeG170qijqBdGK+u0UpZG+5ZMebChqLmvX5GdqpWi\n0SFOrNwL0ApFOk11AJcyvQID8j6liiPf/uMvmxAngnIcVTZWLKM73/+oN3WbqONr\nQgt5Cf9Wsn2Dbo79CHTtqVwWGAAEu3cw/UlxngULWtPJn2DmHXgsoi12BGU78ahk\n0wkG/zlZOQP+lI9+Gu9JBUbXfuD0Jx9Z0OPTSp8XVCqUd6y7VS3CZNpaEb5aAByg\nE0ju4GTvbA+7Jsnl2ce3VN9/AOzLqRM9TFb3kNsaLMNL0unXMDermcJCdyrurZUM\nOmBIlz+K2R7iWtHPVzFMCgt6Sru7qZS4LHcKo5+pJ3toIMD1PQ93mIE5pDl49vk+\nCQHMffAIJRlyurCie3mWlqwtarn8GJ7VxKf4LJ/X9LEx4j0eQqhJ7xi5fNYPfbGd\ncaqdzxUdfbmAuWcii3GHsBvsZkhTJLqiY6LKjDkpZmj2a4eJpppfdO6z2aPhqxem\niIOzSE7DZO5BAAABAB3vwDt4mTiKdMA6oVT1c+EtoCR0zGM3jAEpmH0jq2yLyZfY\ntKnNJIgvUwrSDaSzUqDUPYckWqsZE7Oz7BODfwM0BLq7RDmcVgm1GCQUGAiTEaUq\n3wJVc+guj859xERzwjdtzW2+MIYuwt5YnJ+IPO5uDw5xprKiRAc7sIcGmXmQYU3W\nnjIHHa+W3+uTc8lyPPGn84/odY1pJLwILgIOItz9ncHlzcOdUOwETfIK3gCzdJl7\n+IxMHX6VQ1lVKEyuLLTOCpqC1wh/IUErdKJcfM35sPuYXLR65fsIfAX8rFdJ5D9D\nDqGWFRlisLzg6ahJqwadZcO94pHxPu/B2Hiog6kAAAEBAPnWJaaBRcIkDUrcb9Jn\nN0ZDhy4wPalkv+yrcnnGH8YtmoKqce59lHFdAdsuEbfxihsZevj2Cjjr6ady5jsT\nEjtJpuWOeFiXdJb+dsmzY8V6ThMmO4irLeELG83kZCLZqblTeuDELGdn4B3uqTjr\nycWmozb4K0SaFCfBKNJUwZiwoh3WkWN7fjOxspcRG6d8vK65louM9Fx41iP7G79y\na03kywutnSn1HTh7jDyttGn4cYJ+VVD7ZULBTHb5bSM0sP6xW2JiJfx7uIUuMEGA\nRo4f1bvMeB/n/l/4QrusRVfId0tO10dYBT2hkPijG2jQdpuOYhk3l/O0QjBjPSR8\nl9EAAAEBAOYof5OidhTgIcdRrBteIOzZcq093pN73poJz4Ywe1E2uaG0A6ZG+Rqw\nSjx9I7HtSuUwcvcJX4nZX968yBsWsp1gf/pzsj55f58lixwjEEHl0HHHbwIFMMMM\nMnmQUb8QxqaS32CiNcNe74iU3KVBWXJt20i+9+3DEq8OuTSorIlbshw3+jkHVPwT\ndPToFrSveQANZWM3nBvyl2k7nWOHUv3Q8Z79rK1YTAQrjJb0qYTJUiRgikURLWx8\nlxKgege2wn9E88c19YEIYCwkQFyXI1By+0n8pAkkhwb2YsOBCETj/w9oZ5TjXhxm\nGC1JZ5oIvfIAmvVgvpMWGsCCKJQG798AAAAAAQID\n-----END OPENSSH PRIVATE KEY-----\n",
            "private_key_pem": "-----BEGIN RSA PRIVATE KEY-----\nMIIJKAIBAAKCAgEA4J3rysta2Pi/yIHd/q7CuWzlIW7f8jxvk/pGOtbiGgI4MNqz\nbvaI4AOGWAUrNyaXYYVEQ0w6tLdzuYhWFG9jc9arMWwS4a8APCIEnLx0sFF3i01a\nDPn7jZjIoSiK4wRbuEmCRr3A72kH90nJjfeoSSWGlCHt3vNzJmIhc9vx1qiPicu/\n1ruf91z6j75Us63u94MafuSAj8p9oj5cgJayRrf2Pflh1pJtLGyG5y4pjbEYpwqD\n7oySyTvZyIsncOsk6Yzc7ABhtKHbXtEVcCPVfxuMamaiR7p9ZdzpVH6Egh8ciBYo\n1Diu6AAlqnoczT+aaGB5y3s05btqTrCoKB0tYLiHAf1k6oVDVRgYFgo6eojTmWLT\nn8z9/rBkejSto/uIP9dnsMXH3LXT4ByiY/1MrRFuT253VZq6qnUF+s5QViL/vS9/\nTmty2Ne/wrFoqyGAGg0YZJV8W8garaAtBKf/iIGnCHH0PFq3IY/ip5KWn9oFz00g\nqCyB3Czx8fS/FQvW3k/mciW7zlkJ0f9DnBigCIl0pLKnjR9HWCVvoYUYej0rKhgO\n4e5a+g4FoE86Mz50fJtMVMTynkyQ4cFUbpHyGZIudjRQo9k7guPvYr1yU9mjKHE/\nSHzt1I+N0UJLG5q9NiB+xzxscNkA4+E67tBqYr2Hxxh+5Lw6kKNEq30qXg8CAwEA\nAQKCAgAYXkmkeKdkfqgf0qcI6GDLyRqao/K7zv6z6SURYRqqg68g7bklwq1a0EcU\n6YqksxUdSV38hxqfXH+7kyTzlpoNiS6NcBIkVd4KqA4kCvYF4vC7Nisc2UoHNJof\nkcxvkJt6xM7TaeaykoyAsYqiUkn5lY6iJ4Qs+fB2K5NBhI0aIrNf2bD4VOan6Xht\ne9Koo6gXRivrtFKWRvuWTHmwoai5r1+RnaqVotEhTqzcC9AKRTpNdQCXMr0CA/I+\npYoj3/7jL5sQJ4JyHFU2ViyjO9//qDd1m6jja0ILeQn/VrJ9g26O/Qh07alcFhgA\nBLt3MP1JcZ4FC1rTyZ9g5h14LKItdgRlO/GoZNMJBv85WTkD/pSPfhrvSQVG137g\n9CcfWdDj00qfF1QqlHesu1UtwmTaWhG+WgAcoBNI7uBk72wPuybJ5dnHt1TffwDs\ny6kTPUxW95DbGizDS9Lp1zA3q5nCQncq7q2VDDpgSJc/itke4lrRz1cxTAoLekq7\nu6mUuCx3CqOfqSd7aCDA9T0Pd5iBOaQ5ePb5PgkBzH3wCCUZcrqwont5lpasLWq5\n/Bie1cSn+Cyf1/SxMeI9HkKoSe8YuXzWD32xnXGqnc8VHX25gLlnIotxh7Ab7GZI\nUyS6omOiyow5KWZo9muHiaaaX3Tus9mj4asXpoiDs0hOw2TuQQKCAQEA+dYlpoFF\nwiQNStxv0mc3RkOHLjA9qWS/7KtyecYfxi2agqpx7n2UcV0B2y4Rt/GKGxl6+PYK\nOOvpp3LmOxMSO0mm5Y54WJd0lv52ybNjxXpOEyY7iKst4QsbzeRkItmpuVN64MQs\nZ2fgHe6pOOvJxaajNvgrRJoUJ8Eo0lTBmLCiHdaRY3t+M7GylxEbp3y8rrmWi4z0\nXHjWI/sbv3JrTeTLC62dKfUdOHuMPK20afhxgn5VUPtlQsFMdvltIzSw/rFbYmIl\n/Hu4hS4wQYBGjh/Vu8x4H+f+X/hCu6xFV8h3S07XR1gFPaGQ+KMbaNB2m45iGTeX\n87RCMGM9JHyX0QKCAQEA5ih/k6J2FOAhx1GsG14g7NlyrT3ek3vemgnPhjB7UTa5\nobQDpkb5GrBKPH0jse1K5TBy9wlfidlf3rzIGxaynWB/+nOyPnl/nyWLHCMQQeXQ\nccdvAgUwwwwyeZBRvxDGppLfYKI1w17viJTcpUFZcm3bSL737cMSrw65NKisiVuy\nHDf6OQdU/BN09OgWtK95AA1lYzecG/KXaTudY4dS/dDxnv2srVhMBCuMlvSphMlS\nJGCKRREtbHyXEqB6B7bCf0TzxzX1gQhgLCRAXJcjUHL7SfykCSSHBvZiw4EIROP/\nD2hnlONeHGYYLUlnmgi98gCa9WC+kxYawIIolAbv3wKCAQAVFrp+35Kf3KMymoDl\n5ciIqdKTV4cc8WAx/hbfqJWuCNNuDC0p0HfjSdKKSc09FaputyvmL/6U53UFqXE9\ns1JqpsDrx6bo83/n7vrf88CMPtKwUx3bX3ez81gZfRnmxzDIb/+DUYvd/qqwXCD0\nqRKTGInWbgRY+hiRcoCboIPm+6HzmtUS7K2ud2V30v3emWzj4s6OYQuPcrPAvcWN\n136vSIzLI5CMpiAdUHB5/r+n4kzSkw9oko/tnptxv4Qy4JPALABmwZorQdZFh6yT\nGtzZyl4kSBIrv019lFsttFD2I/nN5Y3Oe+OVXDn8gughZNdeMhqdvk+ZRrH/m6Dh\nn5LBAoIBAQCOCNgSR+QPJfIyixhnG0O+ZsL6XoAJDBxnez5yVWEE0Xzlaa4G4y2/\nZqOpiKCKoSHjJm8MPOCUtW0Qi/gBn5RCwta3vMZ2/4vertCWYJ0bzbNBRA4hdQqO\nk+xiUMnh23x8N49al0AOfXvdEeDIqveEQn9c+V0PgZ76IV/yO1WevtO/zlvA7eFo\nXqmCqee5QcCuY5X6EMtqA9+ktYF/dnek41j5ARubLi5bNHTig8JJi+QBRwKNdPhP\nRuQEPryQHh0RZX/7pDUJmB2hoA2IFk1YzFx/YEXqznv1s/9nHy33Nayl2YxyuY3O\ngMLSz8X7rQFrYyw92aJCKxX/T1OzZkSJAoIBAB3vwDt4mTiKdMA6oVT1c+EtoCR0\nzGM3jAEpmH0jq2yLyZfYtKnNJIgvUwrSDaSzUqDUPYckWqsZE7Oz7BODfwM0BLq7\nRDmcVgm1GCQUGAiTEaUq3wJVc+guj859xERzwjdtzW2+MIYuwt5YnJ+IPO5uDw5x\nprKiRAc7sIcGmXmQYU3WnjIHHa+W3+uTc8lyPPGn84/odY1pJLwILgIOItz9ncHl\nzcOdUOwETfIK3gCzdJl7+IxMHX6VQ1lVKEyuLLTOCpqC1wh/IUErdKJcfM35sPuY\nXLR65fsIfAX8rFdJ5D9DDqGWFRlisLzg6ahJqwadZcO94pHxPu/B2Hiog6k=\n-----END RSA PRIVATE KEY-----\n",
            "private_key_pem_pkcs8": "-----BEGIN PRIVATE KEY-----\nMIIJQgIBADANBgkqhkiG9w0BAQEFAASCCSwwggkoAgEAAoICAQDgnevKy1rY+L/I\ngd3+rsK5bOUhbt/yPG+T+kY61uIaAjgw2rNu9ojgA4ZYBSs3JpdhhURDTDq0t3O5\niFYUb2Nz1qsxbBLhrwA8IgScvHSwUXeLTVoM+fuNmMihKIrjBFu4SYJGvcDvaQf3\nScmN96hJJYaUIe3e83MmYiFz2/HWqI+Jy7/Wu5/3XPqPvlSzre73gxp+5ICPyn2i\nPlyAlrJGt/Y9+WHWkm0sbIbnLimNsRinCoPujJLJO9nIiydw6yTpjNzsAGG0odte\n0RVwI9V/G4xqZqJHun1l3OlUfoSCHxyIFijUOK7oACWqehzNP5poYHnLezTlu2pO\nsKgoHS1guIcB/WTqhUNVGBgWCjp6iNOZYtOfzP3+sGR6NK2j+4g/12ewxcfctdPg\nHKJj/UytEW5PbndVmrqqdQX6zlBWIv+9L39Oa3LY17/CsWirIYAaDRhklXxbyBqt\noC0Ep/+IgacIcfQ8Wrchj+Knkpaf2gXPTSCoLIHcLPHx9L8VC9beT+ZyJbvOWQnR\n/0OcGKAIiXSksqeNH0dYJW+hhRh6PSsqGA7h7lr6DgWgTzozPnR8m0xUxPKeTJDh\nwVRukfIZki52NFCj2TuC4+9ivXJT2aMocT9IfO3Uj43RQksbmr02IH7HPGxw2QDj\n4Tru0GpivYfHGH7kvDqQo0SrfSpeDwIDAQABAoICABheSaR4p2R+qB/SpwjoYMvJ\nGpqj8rvO/rPpJRFhGqqDryDtuSXCrVrQRxTpiqSzFR1JXfyHGp9cf7uTJPOWmg2J\nLo1wEiRV3gqoDiQK9gXi8Ls2KxzZSgc0mh+RzG+Qm3rEztNp5rKSjICxiqJSSfmV\njqInhCz58HYrk0GEjRois1/ZsPhU5qfpeG170qijqBdGK+u0UpZG+5ZMebChqLmv\nX5GdqpWi0SFOrNwL0ApFOk11AJcyvQID8j6liiPf/uMvmxAngnIcVTZWLKM73/+o\nN3WbqONrQgt5Cf9Wsn2Dbo79CHTtqVwWGAAEu3cw/UlxngULWtPJn2DmHXgsoi12\nBGU78ahk0wkG/zlZOQP+lI9+Gu9JBUbXfuD0Jx9Z0OPTSp8XVCqUd6y7VS3CZNpa\nEb5aABygE0ju4GTvbA+7Jsnl2ce3VN9/AOzLqRM9TFb3kNsaLMNL0unXMDermcJC\ndyrurZUMOmBIlz+K2R7iWtHPVzFMCgt6Sru7qZS4LHcKo5+pJ3toIMD1PQ93mIE5\npDl49vk+CQHMffAIJRlyurCie3mWlqwtarn8GJ7VxKf4LJ/X9LEx4j0eQqhJ7xi5\nfNYPfbGdcaqdzxUdfbmAuWcii3GHsBvsZkhTJLqiY6LKjDkpZmj2a4eJpppfdO6z\n2aPhqxemiIOzSE7DZO5BAoIBAQD51iWmgUXCJA1K3G/SZzdGQ4cuMD2pZL/sq3J5\nxh/GLZqCqnHufZRxXQHbLhG38YobGXr49go46+mncuY7ExI7SabljnhYl3SW/nbJ\ns2PFek4TJjuIqy3hCxvN5GQi2am5U3rgxCxnZ+Ad7qk468nFpqM2+CtEmhQnwSjS\nVMGYsKId1pFje34zsbKXERunfLyuuZaLjPRceNYj+xu/cmtN5MsLrZ0p9R04e4w8\nrbRp+HGCflVQ+2VCwUx2+W0jNLD+sVtiYiX8e7iFLjBBgEaOH9W7zHgf5/5f+EK7\nrEVXyHdLTtdHWAU9oZD4oxto0HabjmIZN5fztEIwYz0kfJfRAoIBAQDmKH+TonYU\n4CHHUawbXiDs2XKtPd6Te96aCc+GMHtRNrmhtAOmRvkasEo8fSOx7UrlMHL3CV+J\n2V/evMgbFrKdYH/6c7I+eX+fJYscIxBB5dBxx28CBTDDDDJ5kFG/EMamkt9gojXD\nXu+IlNylQVlybdtIvvftwxKvDrk0qKyJW7IcN/o5B1T8E3T06Ba0r3kADWVjN5wb\n8pdpO51jh1L90PGe/aytWEwEK4yW9KmEyVIkYIpFES1sfJcSoHoHtsJ/RPPHNfWB\nCGAsJEBclyNQcvtJ/KQJJIcG9mLDgQhE4/8PaGeU414cZhgtSWeaCL3yAJr1YL6T\nFhrAgiiUBu/fAoIBABUWun7fkp/cozKagOXlyIip0pNXhxzxYDH+Ft+ola4I024M\nLSnQd+NJ0opJzT0Vqm63K+Yv/pTndQWpcT2zUmqmwOvHpujzf+fu+t/zwIw+0rBT\nHdtfd7PzWBl9GebHMMhv/4NRi93+qrBcIPSpEpMYidZuBFj6GJFygJugg+b7ofOa\n1RLsra53ZXfS/d6ZbOPizo5hC49ys8C9xY3Xfq9IjMsjkIymIB1QcHn+v6fiTNKT\nD2iSj+2em3G/hDLgk8AsAGbBmitB1kWHrJMa3NnKXiRIEiu/TX2UWy20UPYj+c3l\njc5745VcOfyC6CFk114yGp2+T5lGsf+boOGfksECggEBAI4I2BJH5A8l8jKLGGcb\nQ75mwvpegAkMHGd7PnJVYQTRfOVprgbjLb9mo6mIoIqhIeMmbww84JS1bRCL+AGf\nlELC1re8xnb/i96u0JZgnRvNs0FEDiF1Co6T7GJQyeHbfHw3j1qXQA59e90R4Miq\n94RCf1z5XQ+BnvohX/I7VZ6+07/OW8Dt4WheqYKp57lBwK5jlfoQy2oD36S1gX92\nd6TjWPkBG5suLls0dOKDwkmL5AFHAo10+E9G5AQ+vJAeHRFlf/ukNQmYHaGgDYgW\nTVjMXH9gRerOe/Wz/2cfLfc1rKXZjHK5jc6AwtLPxfutAWtjLD3ZokIrFf9PU7Nm\nRIkCggEAHe/AO3iZOIp0wDqhVPVz4S2gJHTMYzeMASmYfSOrbIvJl9i0qc0kiC9T\nCtINpLNSoNQ9hyRaqxkTs7PsE4N/AzQEurtEOZxWCbUYJBQYCJMRpSrfAlVz6C6P\nzn3ERHPCN23Nbb4whi7C3licn4g87m4PDnGmsqJEBzuwhwaZeZBhTdaeMgcdr5bf\n65NzyXI88afzj+h1jWkkvAguAg4i3P2dweXNw51Q7ARN8greALN0mXv4jEwdfpVD\nWVUoTK4stM4KmoLXCH8hQSt0olx8zfmw+5hctHrl+wh8BfysV0nkP0MOoZYVGWKw\nvODpqEmrBp1lw73ikfE+78HYeKiDqQ==\n-----END PRIVATE KEY-----\n",
            "public_key_fingerprint_md5": "af:3d:91:dd:a9:c9:16:53:d2:5f:f7:87:c5:07:71:c5",
            "public_key_fingerprint_sha256": "SHA256:ZJhovj3sOl1Q4Tkl/XPmcrGkZwLkndpE+/9a6mHlIRw",
            "public_key_openssh": "ssh-rsa AAAAB3NzaC1yc2EAAAADAQABAAACAQDgnevKy1rY+L/Igd3+rsK5bOUhbt/yPG+T+kY61uIaAjgw2rNu9ojgA4ZYBSs3JpdhhURDTDq0t3O5iFYUb2Nz1qsxbBLhrwA8IgScvHSwUXeLTVoM+fuNmMihKIrjBFu4SYJGvcDvaQf3ScmN96hJJYaUIe3e83MmYiFz2/HWqI+Jy7/Wu5/3XPqPvlSzre73gxp+5ICPyn2iPlyAlrJGt/Y9+WHWkm0sbIbnLimNsRinCoPujJLJO9nIiydw6yTpjNzsAGG0odte0RVwI9V/G4xqZqJHun1l3OlUfoSCHxyIFijUOK7oACWqehzNP5poYHnLezTlu2pOsKgoHS1guIcB/WTqhUNVGBgWCjp6iNOZYtOfzP3+sGR6NK2j+4g/12ewxcfctdPgHKJj/UytEW5PbndVmrqqdQX6zlBWIv+9L39Oa3LY17/CsWirIYAaDRhklXxbyBqtoC0Ep/+IgacIcfQ8Wrchj+Knkpaf2gXPTSCoLIHcLPHx9L8VC9beT+ZyJbvOWQnR/0OcGKAIiXSksqeNH0dYJW+hhRh6PSsqGA7h7lr6DgWgTzozPnR8m0xUxPKeTJDhwVRukfIZki52NFCj2TuC4+9ivXJT2aMocT9IfO3Uj43RQksbmr02IH7HPGxw2QDj4Tru0GpivYfHGH7kvDqQo0SrfSpeDw==\n",
            "public_key_pem": "-----BEGIN PUBLIC KEY-----\nMIICIjANBgkqhkiG9w0BAQEFAAOCAg8AMIICCgKCAgEA4J3rysta2Pi/yIHd/q7C\nuWzlIW7f8jxvk/pGOtbiGgI4MNqzbvaI4AOGWAUrNyaXYYVEQ0w6tLdzuYhWFG9j\nc9arMWwS4a8APCIEnLx0sFF3i01aDPn7jZjIoSiK4wRbuEmCRr3A72kH90nJjfeo\nSSWGlCHt3vNzJmIhc9vx1qiPicu/1ruf91z6j75Us63u94MafuSAj8p9oj5cgJay\nRrf2Pflh1pJtLGyG5y4pjbEYpwqD7oySyTvZyIsncOsk6Yzc7ABhtKHbXtEVcCPV\nfxuMamaiR7p9ZdzpVH6Egh8ciBYo1Diu6AAlqnoczT+aaGB5y3s05btqTrCoKB0t\nYLiHAf1k6oVDVRgYFgo6eojTmWLTn8z9/rBkejSto/uIP9dnsMXH3LXT4ByiY/1M\nrRFuT253VZq6qnUF+s5QViL/vS9/Tmty2Ne/wrFoqyGAGg0YZJV8W8garaAtBKf/\niIGnCHH0PFq3IY/ip5KWn9oFz00gqCyB3Czx8fS/FQvW3k/mciW7zlkJ0f9DnBig\nCIl0pLKnjR9HWCVvoYUYej0rKhgO4e5a+g4FoE86Mz50fJtMVMTynkyQ4cFUbpHy\nGZIudjRQo9k7guPvYr1yU9mjKHE/SHzt1I+N0UJLG5q9NiB+xzxscNkA4+E67tBq\nYr2Hxxh+5Lw6kKNEq30qXg8CAwEAAQ==\n-----END PUBLIC KEY-----\n",
            "rsa_bits": 4096
          },
          "sensitive_attributes": [
            [
              {
                "type": "get_attr",
                "value": "private_key_pem"
              }
            ],
            [
              {
                "type": "get_attr",
                "value": "private_key_openssh"
              }
            ],
            [
              {
                "type": "get_attr",
                "value": "private_key_pem_pkcs8"
              }
            ]
          ]
        }
      ]
    }
  ],
  "check_results": null
}
